// !$*UTF8*$!
{
	archiveVersion = 1;
	classes = {
	};
	objectVersion = 77;
	objects = {

/* Begin PBXBuildFile section */
		0803967027EB68DD017F1445 /* ApplicationSnapshot.swift in Sources */ = {isa = PBXBuildFile; fileRef = D6213A265A710D4193A9EB1C /* ApplicationSnapshot.swift */; };
		0B68E9AEF4E63F0B0A2E4A80 /* ApplicationResolver.swift in Sources */ = {isa = PBXBuildFile; fileRef = AD8E901C5407AC4703A24F0A /* ApplicationResolver.swift */; };
		0D595815A0935251DC86CFA5 /* SystemContextSnapshot.swift in Sources */ = {isa = PBXBuildFile; fileRef = 291692174DB8FA310F6D8272 /* SystemContextSnapshot.swift */; };
		0DB28D12BFF7B774232C093D /* WorkspaceStateStore.swift in Sources */ = {isa = PBXBuildFile; fileRef = 78582FB20AA8FBC0EF5ED805 /* WorkspaceStateStore.swift */; };
		186B2F4188A61F1837AB0663 /* WorkspaceStateProviding.swift in Sources */ = {isa = PBXBuildFile; fileRef = 1EC8789017EFD204AFA940AF /* WorkspaceStateProviding.swift */; };
		1C127752142FF4FCA902B96B /* AudioPlaybackState.swift in Sources */ = {isa = PBXBuildFile; fileRef = 0E2F9D4AB3DD00737BC15069 /* AudioPlaybackState.swift */; };
		28B0A35DABBF66D3FF0FF1BE /* TranscriptStability.swift in Sources */ = {isa = PBXBuildFile; fileRef = 651F0FD88128DF3A97143425 /* TranscriptStability.swift */; };
		2B48575E09A2148BD837E5DC /* MediaCommandPatterns.swift in Sources */ = {isa = PBXBuildFile; fileRef = 7856D9111A3D181863E897DA /* MediaCommandPatterns.swift */; };
		2C81D895A8F941DE1F114B11 /* KeywordRouteClassifierTests.swift in Sources */ = {isa = PBXBuildFile; fileRef = 3D518D4138FFE9B3708407C8 /* KeywordRouteClassifierTests.swift */; };
		2EE25D68FF2C576E62CAD39C /* PatternCommand.swift in Sources */ = {isa = PBXBuildFile; fileRef = 1E024CFE11ECE67BD0293D72 /* PatternCommand.swift */; };
		2EF16940A95D62CEEC795127 /* KeywordRouteClassifier.swift in Sources */ = {isa = PBXBuildFile; fileRef = B35DCCCBFA299C741AB0FD95 /* KeywordRouteClassifier.swift */; };
		34DF60159662D7D047DCBBF0 /* App.swift in Sources */ = {isa = PBXBuildFile; fileRef = 92A292D79B17CF1EDD155535 /* App.swift */; };
		3A0C0F1E82E40B40BC91651D /* TranscriptSpanStabilizer.swift in Sources */ = {isa = PBXBuildFile; fileRef = 1DA0360B18CA6166310C8A3F /* TranscriptSpanStabilizer.swift */; };
		3FFCFEBB5A6A67E1495EA186 /* RouteDecisionView.swift in Sources */ = {isa = PBXBuildFile; fileRef = 75531DC07DBDBE6BAD7A015C /* RouteDecisionView.swift */; };
		404D98C2DC6E48C83FE4A1A5 /* AppCommandPatterns.swift in Sources */ = {isa = PBXBuildFile; fileRef = 7F55612E30D262DD149B1057 /* AppCommandPatterns.swift */; };
		43F81F8B4C7C345F44D33857 /* TranscriptEventSource.swift in Sources */ = {isa = PBXBuildFile; fileRef = 6E1B748F913BB9BC0AF5E0A2 /* TranscriptEventSource.swift */; };
		49908630D296752F0E7A593E /* RouteDomain.swift in Sources */ = {isa = PBXBuildFile; fileRef = 044EBEF09810A5CCB3505FFE /* RouteDomain.swift */; };
		4E34D5CB0D601B3CDC02BF1E /* CommandCenterView.swift in Sources */ = {isa = PBXBuildFile; fileRef = 5CBD4EBE52C0BFB14673B01E /* CommandCenterView.swift */; };
		5226C7AB49A7A3E70C0BB10E /* GateStatus.swift in Sources */ = {isa = PBXBuildFile; fileRef = D27EF64913263270BA6FEE70 /* GateStatus.swift */; };
		54EFF9283AAFF11599F87EC2 /* GatedRouteDecision.swift in Sources */ = {isa = PBXBuildFile; fileRef = 6C9586CAF1FB8612ADBD59BB /* GatedRouteDecision.swift */; };
		5F44A44679C79B514CFC7801 /* AudioPlaybackSnapshot.swift in Sources */ = {isa = PBXBuildFile; fileRef = FFFB4F379B6EF6D4C1A363E3 /* AudioPlaybackSnapshot.swift */; };
		60AB98565AB694F1EA8D79B0 /* TranscriptEvent.swift in Sources */ = {isa = PBXBuildFile; fileRef = 35CAA83A0445A76839B6BF09 /* TranscriptEvent.swift */; };
		7297E14E62A9378C3E0667B7 /* StreamingReadiness.swift in Sources */ = {isa = PBXBuildFile; fileRef = 34551AF675C0A18E447AEB8D /* StreamingReadiness.swift */; };
		765E21EBF0E2894B5623C0A5 /* NormalizedCommand.swift in Sources */ = {isa = PBXBuildFile; fileRef = 7D36C39DCA6C35867BA83450 /* NormalizedCommand.swift */; };
		7F23C9518251EDA440929B03 /* StreamingRouteClassifier.swift in Sources */ = {isa = PBXBuildFile; fileRef = E35B438379BC5A4B1A9A3E2A /* StreamingRouteClassifier.swift */; };
		7F719E86B64997CE5E62B9BF /* Route.swift in Sources */ = {isa = PBXBuildFile; fileRef = 6D465CBBC21C90FFB60E8909 /* Route.swift */; };
		8188CD23E26A064BC4E0178B /* TranscriptSource.swift in Sources */ = {isa = PBXBuildFile; fileRef = DEB8BC6C6D119281537D52C8 /* TranscriptSource.swift */; };
		830347636C702D086E50B9A3 /* PatternRouteMatch.swift in Sources */ = {isa = PBXBuildFile; fileRef = 55564D683DB76C6923A7F579 /* PatternRouteMatch.swift */; };
		93B7C1954166B8D78822D889 /* SiriousUITests.swift in Sources */ = {isa = PBXBuildFile; fileRef = 4F760D8782A6B29A2E32754B /* SiriousUITests.swift */; };
		9BC6A608767C75B6CB238DFA /* RiskAndContextGate.swift in Sources */ = {isa = PBXBuildFile; fileRef = CB13480D223904B499060129 /* RiskAndContextGate.swift */; };
		9EAC0DD3373858B219B00E86 /* CommandComplexity.swift in Sources */ = {isa = PBXBuildFile; fileRef = A582E2176F43276123E20B2A /* CommandComplexity.swift */; };
		A05404D03DE516BC429861DC /* RouteDecision.swift in Sources */ = {isa = PBXBuildFile; fileRef = EFB7C15763EB9D1EE41BDDFF /* RouteDecision.swift */; };
		B01F5AE02A5B4CB40D0FB859 /* RouteRisk.swift in Sources */ = {isa = PBXBuildFile; fileRef = C0F2604E46F72AC4263D0209 /* RouteRisk.swift */; };
		CA0E871BC79B92B10294CA0E /* AudioStateProviding.swift in Sources */ = {isa = PBXBuildFile; fileRef = ABD82DDD5D3CDB656996BA9A /* AudioStateProviding.swift */; };
		E2C55FD1DC79CFF78DE2DD7E /* CommandNormalizer.swift in Sources */ = {isa = PBXBuildFile; fileRef = D7BCDBBF5D0AE24A355E7FB8 /* CommandNormalizer.swift */; };
		E7EB1A9CF54BE5838C2B4ACD /* WorkspaceSnapshot.swift in Sources */ = {isa = PBXBuildFile; fileRef = E89E3B4176377A1619E1285C /* WorkspaceSnapshot.swift */; };
		E7F62D88563803FF9E588A18 /* CommandTarget.swift in Sources */ = {isa = PBXBuildFile; fileRef = 1E32B7AF7E35616EB4565C29 /* CommandTarget.swift */; };
		EE79534A405C54AC8658DA0F /* PatternCommandRouter.swift in Sources */ = {isa = PBXBuildFile; fileRef = 601B712F4A4F30B8E987A12C /* PatternCommandRouter.swift */; };
		F327516745842436F36F535E /* CommandToken.swift in Sources */ = {isa = PBXBuildFile; fileRef = 790864528DEDE51E0C382016 /* CommandToken.swift */; };
		F592A53823F7C0938C1CD1D1 /* MPNowPlayingAudioStateProvider.swift in Sources */ = {isa = PBXBuildFile; fileRef = B6A97FF1725B12BF14B040F6 /* MPNowPlayingAudioStateProvider.swift */; };
/* End PBXBuildFile section */

/* Begin PBXContainerItemProxy section */
		04474A14A542D27DC6810DC6 /* PBXContainerItemProxy */ = {
			isa = PBXContainerItemProxy;
			containerPortal = D5BD09856B751B5B7C214BF3 /* Project object */;
			proxyType = 1;
			remoteGlobalIDString = C4B92D384B30AFDB8362F542;
			remoteInfo = Sirious;
		};
		E9A6C793706A76B6F4651125 /* PBXContainerItemProxy */ = {
			isa = PBXContainerItemProxy;
			containerPortal = D5BD09856B751B5B7C214BF3 /* Project object */;
			proxyType = 1;
			remoteGlobalIDString = C4B92D384B30AFDB8362F542;
			remoteInfo = Sirious;
		};
/* End PBXContainerItemProxy section */

/* Begin PBXFileReference section */
		044EBEF09810A5CCB3505FFE /* RouteDomain.swift */ = {isa = PBXFileReference; lastKnownFileType = sourcecode.swift; path = RouteDomain.swift; sourceTree = "<group>"; };
		0AFDC88F1FE4D3CC5C16FBA1 /* Sirious.xcconfig */ = {isa = PBXFileReference; lastKnownFileType = text.xcconfig; path = Sirious.xcconfig; sourceTree = "<group>"; };
		0E2F9D4AB3DD00737BC15069 /* AudioPlaybackState.swift */ = {isa = PBXFileReference; lastKnownFileType = sourcecode.swift; path = AudioPlaybackState.swift; sourceTree = "<group>"; };
		0EECB5309F1BD26568BD1989 /* SiriousTests.xctest */ = {isa = PBXFileReference; explicitFileType = wrapper.cfbundle; includeInIndex = 0; path = SiriousTests.xctest; sourceTree = BUILT_PRODUCTS_DIR; };
		19F29D22576FD82326A5026A /* Sirious.app */ = {isa = PBXFileReference; explicitFileType = wrapper.application; includeInIndex = 0; path = Sirious.app; sourceTree = BUILT_PRODUCTS_DIR; };
		1DA0360B18CA6166310C8A3F /* TranscriptSpanStabilizer.swift */ = {isa = PBXFileReference; lastKnownFileType = sourcecode.swift; path = TranscriptSpanStabilizer.swift; sourceTree = "<group>"; };
		1E024CFE11ECE67BD0293D72 /* PatternCommand.swift */ = {isa = PBXFileReference; lastKnownFileType = sourcecode.swift; path = PatternCommand.swift; sourceTree = "<group>"; };
		1E32B7AF7E35616EB4565C29 /* CommandTarget.swift */ = {isa = PBXFileReference; lastKnownFileType = sourcecode.swift; path = CommandTarget.swift; sourceTree = "<group>"; };
		1EC8789017EFD204AFA940AF /* WorkspaceStateProviding.swift */ = {isa = PBXFileReference; lastKnownFileType = sourcecode.swift; path = WorkspaceStateProviding.swift; sourceTree = "<group>"; };
		291692174DB8FA310F6D8272 /* SystemContextSnapshot.swift */ = {isa = PBXFileReference; lastKnownFileType = sourcecode.swift; path = SystemContextSnapshot.swift; sourceTree = "<group>"; };
		34551AF675C0A18E447AEB8D /* StreamingReadiness.swift */ = {isa = PBXFileReference; lastKnownFileType = sourcecode.swift; path = StreamingReadiness.swift; sourceTree = "<group>"; };
		35CAA83A0445A76839B6BF09 /* TranscriptEvent.swift */ = {isa = PBXFileReference; lastKnownFileType = sourcecode.swift; path = TranscriptEvent.swift; sourceTree = "<group>"; };
		3D518D4138FFE9B3708407C8 /* KeywordRouteClassifierTests.swift */ = {isa = PBXFileReference; lastKnownFileType = sourcecode.swift; path = KeywordRouteClassifierTests.swift; sourceTree = "<group>"; };
		4F760D8782A6B29A2E32754B /* SiriousUITests.swift */ = {isa = PBXFileReference; lastKnownFileType = sourcecode.swift; path = SiriousUITests.swift; sourceTree = "<group>"; };
		55564D683DB76C6923A7F579 /* PatternRouteMatch.swift */ = {isa = PBXFileReference; lastKnownFileType = sourcecode.swift; path = PatternRouteMatch.swift; sourceTree = "<group>"; };
		5CBD4EBE52C0BFB14673B01E /* CommandCenterView.swift */ = {isa = PBXFileReference; lastKnownFileType = sourcecode.swift; path = CommandCenterView.swift; sourceTree = "<group>"; };
		601B712F4A4F30B8E987A12C /* PatternCommandRouter.swift */ = {isa = PBXFileReference; lastKnownFileType = sourcecode.swift; path = PatternCommandRouter.swift; sourceTree = "<group>"; };
		651F0FD88128DF3A97143425 /* TranscriptStability.swift */ = {isa = PBXFileReference; lastKnownFileType = sourcecode.swift; path = TranscriptStability.swift; sourceTree = "<group>"; };
		6C9586CAF1FB8612ADBD59BB /* GatedRouteDecision.swift */ = {isa = PBXFileReference; lastKnownFileType = sourcecode.swift; path = GatedRouteDecision.swift; sourceTree = "<group>"; };
		6D465CBBC21C90FFB60E8909 /* Route.swift */ = {isa = PBXFileReference; lastKnownFileType = sourcecode.swift; path = Route.swift; sourceTree = "<group>"; };
		6E1B748F913BB9BC0AF5E0A2 /* TranscriptEventSource.swift */ = {isa = PBXFileReference; lastKnownFileType = sourcecode.swift; path = TranscriptEventSource.swift; sourceTree = "<group>"; };
		75531DC07DBDBE6BAD7A015C /* RouteDecisionView.swift */ = {isa = PBXFileReference; lastKnownFileType = sourcecode.swift; path = RouteDecisionView.swift; sourceTree = "<group>"; };
		7856D9111A3D181863E897DA /* MediaCommandPatterns.swift */ = {isa = PBXFileReference; lastKnownFileType = sourcecode.swift; path = MediaCommandPatterns.swift; sourceTree = "<group>"; };
		78582FB20AA8FBC0EF5ED805 /* WorkspaceStateStore.swift */ = {isa = PBXFileReference; lastKnownFileType = sourcecode.swift; path = WorkspaceStateStore.swift; sourceTree = "<group>"; };
		790864528DEDE51E0C382016 /* CommandToken.swift */ = {isa = PBXFileReference; lastKnownFileType = sourcecode.swift; path = CommandToken.swift; sourceTree = "<group>"; };
		7D36C39DCA6C35867BA83450 /* NormalizedCommand.swift */ = {isa = PBXFileReference; lastKnownFileType = sourcecode.swift; path = NormalizedCommand.swift; sourceTree = "<group>"; };
		7F55612E30D262DD149B1057 /* AppCommandPatterns.swift */ = {isa = PBXFileReference; lastKnownFileType = sourcecode.swift; path = AppCommandPatterns.swift; sourceTree = "<group>"; };
		92A292D79B17CF1EDD155535 /* App.swift */ = {isa = PBXFileReference; lastKnownFileType = sourcecode.swift; path = App.swift; sourceTree = "<group>"; };
		A582E2176F43276123E20B2A /* CommandComplexity.swift */ = {isa = PBXFileReference; lastKnownFileType = sourcecode.swift; path = CommandComplexity.swift; sourceTree = "<group>"; };
		A858746B64A185F645A070A6 /* SiriousUITests.xctest */ = {isa = PBXFileReference; explicitFileType = wrapper.cfbundle; includeInIndex = 0; path = SiriousUITests.xctest; sourceTree = BUILT_PRODUCTS_DIR; };
		ABD82DDD5D3CDB656996BA9A /* AudioStateProviding.swift */ = {isa = PBXFileReference; lastKnownFileType = sourcecode.swift; path = AudioStateProviding.swift; sourceTree = "<group>"; };
		AD8E901C5407AC4703A24F0A /* ApplicationResolver.swift */ = {isa = PBXFileReference; lastKnownFileType = sourcecode.swift; path = ApplicationResolver.swift; sourceTree = "<group>"; };
		B35DCCCBFA299C741AB0FD95 /* KeywordRouteClassifier.swift */ = {isa = PBXFileReference; lastKnownFileType = sourcecode.swift; path = KeywordRouteClassifier.swift; sourceTree = "<group>"; };
		B6A97FF1725B12BF14B040F6 /* MPNowPlayingAudioStateProvider.swift */ = {isa = PBXFileReference; lastKnownFileType = sourcecode.swift; path = MPNowPlayingAudioStateProvider.swift; sourceTree = "<group>"; };
		C0F2604E46F72AC4263D0209 /* RouteRisk.swift */ = {isa = PBXFileReference; lastKnownFileType = sourcecode.swift; path = RouteRisk.swift; sourceTree = "<group>"; };
		CB13480D223904B499060129 /* RiskAndContextGate.swift */ = {isa = PBXFileReference; lastKnownFileType = sourcecode.swift; path = RiskAndContextGate.swift; sourceTree = "<group>"; };
		D27EF64913263270BA6FEE70 /* GateStatus.swift */ = {isa = PBXFileReference; lastKnownFileType = sourcecode.swift; path = GateStatus.swift; sourceTree = "<group>"; };
		D6213A265A710D4193A9EB1C /* ApplicationSnapshot.swift */ = {isa = PBXFileReference; lastKnownFileType = sourcecode.swift; path = ApplicationSnapshot.swift; sourceTree = "<group>"; };
		D7BCDBBF5D0AE24A355E7FB8 /* CommandNormalizer.swift */ = {isa = PBXFileReference; lastKnownFileType = sourcecode.swift; path = CommandNormalizer.swift; sourceTree = "<group>"; };
		DEB8BC6C6D119281537D52C8 /* TranscriptSource.swift */ = {isa = PBXFileReference; lastKnownFileType = sourcecode.swift; path = TranscriptSource.swift; sourceTree = "<group>"; };
		E35B438379BC5A4B1A9A3E2A /* StreamingRouteClassifier.swift */ = {isa = PBXFileReference; lastKnownFileType = sourcecode.swift; path = StreamingRouteClassifier.swift; sourceTree = "<group>"; };
		E89E3B4176377A1619E1285C /* WorkspaceSnapshot.swift */ = {isa = PBXFileReference; lastKnownFileType = sourcecode.swift; path = WorkspaceSnapshot.swift; sourceTree = "<group>"; };
		EFB7C15763EB9D1EE41BDDFF /* RouteDecision.swift */ = {isa = PBXFileReference; lastKnownFileType = sourcecode.swift; path = RouteDecision.swift; sourceTree = "<group>"; };
		FFFB4F379B6EF6D4C1A363E3 /* AudioPlaybackSnapshot.swift */ = {isa = PBXFileReference; lastKnownFileType = sourcecode.swift; path = AudioPlaybackSnapshot.swift; sourceTree = "<group>"; };
/* End PBXFileReference section */

/* Begin PBXGroup section */
		08D54D58C9334968CE6A5F00 /* SiriousTests */ = {
			isa = PBXGroup;
			children = (
				3D518D4138FFE9B3708407C8 /* KeywordRouteClassifierTests.swift */,
			);
			name = SiriousTests;
			path = SiriousTests;
			sourceTree = "<group>";
		};
		131C4C0EEE6F51088CE4748A /* Streaming */ = {
			isa = PBXGroup;
			children = (
				34551AF675C0A18E447AEB8D /* StreamingReadiness.swift */,
				E35B438379BC5A4B1A9A3E2A /* StreamingRouteClassifier.swift */,
				35CAA83A0445A76839B6BF09 /* TranscriptEvent.swift */,
				6E1B748F913BB9BC0AF5E0A2 /* TranscriptEventSource.swift */,
				DEB8BC6C6D119281537D52C8 /* TranscriptSource.swift */,
				1DA0360B18CA6166310C8A3F /* TranscriptSpanStabilizer.swift */,
				651F0FD88128DF3A97143425 /* TranscriptStability.swift */,
			);
			path = Streaming;
			sourceTree = "<group>";
		};
		1671B8E0008788E670A1AA6D /* Products */ = {
			isa = PBXGroup;
			children = (
				19F29D22576FD82326A5026A /* Sirious.app */,
				0EECB5309F1BD26568BD1989 /* SiriousTests.xctest */,
				A858746B64A185F645A070A6 /* SiriousUITests.xctest */,
			);
			name = Products;
			sourceTree = "<group>";
		};
		2289C5578D44AA11F9D865AD /* App */ = {
			isa = PBXGroup;
			children = (
				8A64DF0C40091075233CC565 /* App */,
			);
			name = App;
			sourceTree = "<group>";
		};
		2E67BE6B59361C660BFD951D /* Routing */ = {
			isa = PBXGroup;
			children = (
				952CFF7C58E73DAA0E1CFE89 /* Routing */,
			);
			name = Routing;
			sourceTree = "<group>";
		};
		608B049B6F576F709EDD8BB5 /* UI Tests */ = {
			isa = PBXGroup;
			children = (
				90A126B967E241856A997C00 /* SiriousUITests */,
			);
			name = "UI Tests";
			sourceTree = "<group>";
		};
		702E9622F33424786D055805 /* Config */ = {
			isa = PBXGroup;
			children = (
				0AFDC88F1FE4D3CC5C16FBA1 /* Sirious.xcconfig */,
			);
			path = Config;
			sourceTree = "<group>";
		};
		71BF773DEB9D4BA812C19A52 /* Normalization */ = {
			isa = PBXGroup;
			children = (
				D7BCDBBF5D0AE24A355E7FB8 /* CommandNormalizer.swift */,
				790864528DEDE51E0C382016 /* CommandToken.swift */,
				7D36C39DCA6C35867BA83450 /* NormalizedCommand.swift */,
			);
			path = Normalization;
			sourceTree = "<group>";
		};
		8A64DF0C40091075233CC565 /* App */ = {
			isa = PBXGroup;
			children = (
				92A292D79B17CF1EDD155535 /* App.swift */,
				5CBD4EBE52C0BFB14673B01E /* CommandCenterView.swift */,
				75531DC07DBDBE6BAD7A015C /* RouteDecisionView.swift */,
			);
			name = App;
			path = Sources/App;
			sourceTree = "<group>";
		};
		90A126B967E241856A997C00 /* SiriousUITests */ = {
			isa = PBXGroup;
			children = (
				4F760D8782A6B29A2E32754B /* SiriousUITests.swift */,
			);
			name = SiriousUITests;
			path = Tests/SiriousUITests;
			sourceTree = "<group>";
		};
		952CFF7C58E73DAA0E1CFE89 /* Routing */ = {
			isa = PBXGroup;
			children = (
				DD7B307D12FC706373AB60B3 /* Classification */,
				C0EA7D68C676023F5E5F8F8A /* Context */,
				71BF773DEB9D4BA812C19A52 /* Normalization */,
				E7B9F8C8968D41D9E5C3D5EC /* Patterns */,
				C8EACEF19BB56CCA736B8337 /* Resolution */,
				131C4C0EEE6F51088CE4748A /* Streaming */,
			);
			name = Routing;
			path = Sources/Routing;
			sourceTree = "<group>";
		};
		A8B6E21AE66AA194BE888523 = {
			isa = PBXGroup;
			children = (
				2289C5578D44AA11F9D865AD /* App */,
				702E9622F33424786D055805 /* Config */,
				2E67BE6B59361C660BFD951D /* Routing */,
				F7BF5FA67B1C53AA8B10E77C /* Tests */,
				608B049B6F576F709EDD8BB5 /* UI Tests */,
				1671B8E0008788E670A1AA6D /* Products */,
			);
			sourceTree = "<group>";
		};
		C0EA7D68C676023F5E5F8F8A /* Context */ = {
			isa = PBXGroup;
			children = (
				D6213A265A710D4193A9EB1C /* ApplicationSnapshot.swift */,
				FFFB4F379B6EF6D4C1A363E3 /* AudioPlaybackSnapshot.swift */,
				0E2F9D4AB3DD00737BC15069 /* AudioPlaybackState.swift */,
				ABD82DDD5D3CDB656996BA9A /* AudioStateProviding.swift */,
				B6A97FF1725B12BF14B040F6 /* MPNowPlayingAudioStateProvider.swift */,
				291692174DB8FA310F6D8272 /* SystemContextSnapshot.swift */,
				E89E3B4176377A1619E1285C /* WorkspaceSnapshot.swift */,
				1EC8789017EFD204AFA940AF /* WorkspaceStateProviding.swift */,
				78582FB20AA8FBC0EF5ED805 /* WorkspaceStateStore.swift */,
			);
			path = Context;
			sourceTree = "<group>";
		};
		C8EACEF19BB56CCA736B8337 /* Resolution */ = {
			isa = PBXGroup;
			children = (
				AD8E901C5407AC4703A24F0A /* ApplicationResolver.swift */,
				1E32B7AF7E35616EB4565C29 /* CommandTarget.swift */,
			);
			path = Resolution;
			sourceTree = "<group>";
		};
		DD7B307D12FC706373AB60B3 /* Classification */ = {
			isa = PBXGroup;
			children = (
				A582E2176F43276123E20B2A /* CommandComplexity.swift */,
				6C9586CAF1FB8612ADBD59BB /* GatedRouteDecision.swift */,
				D27EF64913263270BA6FEE70 /* GateStatus.swift */,
				B35DCCCBFA299C741AB0FD95 /* KeywordRouteClassifier.swift */,
				CB13480D223904B499060129 /* RiskAndContextGate.swift */,
				6D465CBBC21C90FFB60E8909 /* Route.swift */,
				EFB7C15763EB9D1EE41BDDFF /* RouteDecision.swift */,
				044EBEF09810A5CCB3505FFE /* RouteDomain.swift */,
				C0F2604E46F72AC4263D0209 /* RouteRisk.swift */,
			);
			path = Classification;
			sourceTree = "<group>";
		};
		E7B9F8C8968D41D9E5C3D5EC /* Patterns */ = {
			isa = PBXGroup;
			children = (
				7F55612E30D262DD149B1057 /* AppCommandPatterns.swift */,
				7856D9111A3D181863E897DA /* MediaCommandPatterns.swift */,
				1E024CFE11ECE67BD0293D72 /* PatternCommand.swift */,
				601B712F4A4F30B8E987A12C /* PatternCommandRouter.swift */,
				55564D683DB76C6923A7F579 /* PatternRouteMatch.swift */,
			);
			path = Patterns;
			sourceTree = "<group>";
		};
		F7BF5FA67B1C53AA8B10E77C /* Tests */ = {
			isa = PBXGroup;
			children = (
				08D54D58C9334968CE6A5F00 /* SiriousTests */,
			);
			path = Tests;
			sourceTree = "<group>";
		};
/* End PBXGroup section */

/* Begin PBXNativeTarget section */
		817F011D0ED9512A5DABBD66 /* SiriousTests */ = {
			isa = PBXNativeTarget;
			buildConfigurationList = 7794D306B4D671E64A7E83BA /* Build configuration list for PBXNativeTarget "SiriousTests" */;
			buildPhases = (
				9657309F5845F2A303B1BCE8 /* Sources */,
			);
			buildRules = (
			);
			dependencies = (
				927918E740F489C9E47543D9 /* PBXTargetDependency */,
			);
			name = SiriousTests;
			packageProductDependencies = (
			);
			productName = SiriousTests;
			productReference = 0EECB5309F1BD26568BD1989 /* SiriousTests.xctest */;
			productType = "com.apple.product-type.bundle.unit-test";
		};
		90ACFC5E40EA89E225D48F63 /* SiriousUITests */ = {
			isa = PBXNativeTarget;
			buildConfigurationList = 3EC7F1D0C6EBA05B40FDEE6B /* Build configuration list for PBXNativeTarget "SiriousUITests" */;
			buildPhases = (
				DB3607F93C8646A9CD667509 /* Sources */,
			);
			buildRules = (
			);
			dependencies = (
				17A8A02F370BE7D36B7A68B1 /* PBXTargetDependency */,
			);
			name = SiriousUITests;
			packageProductDependencies = (
			);
			productName = SiriousUITests;
			productReference = A858746B64A185F645A070A6 /* SiriousUITests.xctest */;
			productType = "com.apple.product-type.bundle.ui-testing";
		};
		C4B92D384B30AFDB8362F542 /* Sirious */ = {
			isa = PBXNativeTarget;
			buildConfigurationList = 4B8ED482AC45B69555A6BABE /* Build configuration list for PBXNativeTarget "Sirious" */;
			buildPhases = (
				0BC582E550C40FCC01398165 /* Sources */,
			);
			buildRules = (
			);
			dependencies = (
			);
			name = Sirious;
			packageProductDependencies = (
			);
			productName = Sirious;
			productReference = 19F29D22576FD82326A5026A /* Sirious.app */;
			productType = "com.apple.product-type.application";
		};
/* End PBXNativeTarget section */

/* Begin PBXProject section */
		D5BD09856B751B5B7C214BF3 /* Project object */ = {
			isa = PBXProject;
			attributes = {
				BuildIndependentTargetsInParallel = YES;
				LastUpgradeCheck = 1430;
				TargetAttributes = {
					817F011D0ED9512A5DABBD66 = {
						DevelopmentTeam = "";
						ProvisioningStyle = Automatic;
					};
					90ACFC5E40EA89E225D48F63 = {
						DevelopmentTeam = "";
						ProvisioningStyle = Automatic;
						TestTargetID = C4B92D384B30AFDB8362F542;
					};
					C4B92D384B30AFDB8362F542 = {
						DevelopmentTeam = "";
						ProvisioningStyle = Automatic;
					};
				};
			};
			buildConfigurationList = E2EC6FA405869CD972E8D14A /* Build configuration list for PBXProject "Sirious" */;
			developmentRegion = en;
			hasScannedForEncodings = 0;
			knownRegions = (
				Base,
				en,
			);
			mainGroup = A8B6E21AE66AA194BE888523;
			minimizedProjectReferenceProxies = 1;
			preferredProjectObjectVersion = 77;
			productRefGroup = 1671B8E0008788E670A1AA6D /* Products */;
			projectDirPath = "";
			projectRoot = "";
			targets = (
				C4B92D384B30AFDB8362F542 /* Sirious */,
				817F011D0ED9512A5DABBD66 /* SiriousTests */,
				90ACFC5E40EA89E225D48F63 /* SiriousUITests */,
			);
		};
/* End PBXProject section */

/* Begin PBXSourcesBuildPhase section */
		0BC582E550C40FCC01398165 /* Sources */ = {
			isa = PBXSourcesBuildPhase;
			buildActionMask = 2147483647;
			files = (
				34DF60159662D7D047DCBBF0 /* App.swift in Sources */,
				404D98C2DC6E48C83FE4A1A5 /* AppCommandPatterns.swift in Sources */,
				0B68E9AEF4E63F0B0A2E4A80 /* ApplicationResolver.swift in Sources */,
				0803967027EB68DD017F1445 /* ApplicationSnapshot.swift in Sources */,
				5F44A44679C79B514CFC7801 /* AudioPlaybackSnapshot.swift in Sources */,
				1C127752142FF4FCA902B96B /* AudioPlaybackState.swift in Sources */,
				CA0E871BC79B92B10294CA0E /* AudioStateProviding.swift in Sources */,
				4E34D5CB0D601B3CDC02BF1E /* CommandCenterView.swift in Sources */,
				9EAC0DD3373858B219B00E86 /* CommandComplexity.swift in Sources */,
				E2C55FD1DC79CFF78DE2DD7E /* CommandNormalizer.swift in Sources */,
				E7F62D88563803FF9E588A18 /* CommandTarget.swift in Sources */,
				F327516745842436F36F535E /* CommandToken.swift in Sources */,
				5226C7AB49A7A3E70C0BB10E /* GateStatus.swift in Sources */,
				54EFF9283AAFF11599F87EC2 /* GatedRouteDecision.swift in Sources */,
				2EF16940A95D62CEEC795127 /* KeywordRouteClassifier.swift in Sources */,
				F592A53823F7C0938C1CD1D1 /* MPNowPlayingAudioStateProvider.swift in Sources */,
				2B48575E09A2148BD837E5DC /* MediaCommandPatterns.swift in Sources */,
				765E21EBF0E2894B5623C0A5 /* NormalizedCommand.swift in Sources */,
				2EE25D68FF2C576E62CAD39C /* PatternCommand.swift in Sources */,
				EE79534A405C54AC8658DA0F /* PatternCommandRouter.swift in Sources */,
				830347636C702D086E50B9A3 /* PatternRouteMatch.swift in Sources */,
				9BC6A608767C75B6CB238DFA /* RiskAndContextGate.swift in Sources */,
				7F719E86B64997CE5E62B9BF /* Route.swift in Sources */,
				A05404D03DE516BC429861DC /* RouteDecision.swift in Sources */,
				3FFCFEBB5A6A67E1495EA186 /* RouteDecisionView.swift in Sources */,
				49908630D296752F0E7A593E /* RouteDomain.swift in Sources */,
				B01F5AE02A5B4CB40D0FB859 /* RouteRisk.swift in Sources */,
				7297E14E62A9378C3E0667B7 /* StreamingReadiness.swift in Sources */,
				7F23C9518251EDA440929B03 /* StreamingRouteClassifier.swift in Sources */,
				0D595815A0935251DC86CFA5 /* SystemContextSnapshot.swift in Sources */,
				60AB98565AB694F1EA8D79B0 /* TranscriptEvent.swift in Sources */,
				43F81F8B4C7C345F44D33857 /* TranscriptEventSource.swift in Sources */,
				8188CD23E26A064BC4E0178B /* TranscriptSource.swift in Sources */,
				3A0C0F1E82E40B40BC91651D /* TranscriptSpanStabilizer.swift in Sources */,
				28B0A35DABBF66D3FF0FF1BE /* TranscriptStability.swift in Sources */,
				E7EB1A9CF54BE5838C2B4ACD /* WorkspaceSnapshot.swift in Sources */,
				186B2F4188A61F1837AB0663 /* WorkspaceStateProviding.swift in Sources */,
				0DB28D12BFF7B774232C093D /* WorkspaceStateStore.swift in Sources */,
			);
			runOnlyForDeploymentPostprocessing = 0;
		};
		9657309F5845F2A303B1BCE8 /* Sources */ = {
			isa = PBXSourcesBuildPhase;
			buildActionMask = 2147483647;
			files = (
				2C81D895A8F941DE1F114B11 /* KeywordRouteClassifierTests.swift in Sources */,
			);
			runOnlyForDeploymentPostprocessing = 0;
		};
		DB3607F93C8646A9CD667509 /* Sources */ = {
			isa = PBXSourcesBuildPhase;
			buildActionMask = 2147483647;
			files = (
				93B7C1954166B8D78822D889 /* SiriousUITests.swift in Sources */,
			);
			runOnlyForDeploymentPostprocessing = 0;
		};
/* End PBXSourcesBuildPhase section */

/* Begin PBXTargetDependency section */
		17A8A02F370BE7D36B7A68B1 /* PBXTargetDependency */ = {
			isa = PBXTargetDependency;
			target = C4B92D384B30AFDB8362F542 /* Sirious */;
			targetProxy = 04474A14A542D27DC6810DC6 /* PBXContainerItemProxy */;
		};
		927918E740F489C9E47543D9 /* PBXTargetDependency */ = {
			isa = PBXTargetDependency;
			target = C4B92D384B30AFDB8362F542 /* Sirious */;
			targetProxy = E9A6C793706A76B6F4651125 /* PBXContainerItemProxy */;
		};
/* End PBXTargetDependency section */

/* Begin XCBuildConfiguration section */
		38672C1BDE826267F438205E /* Release */ = {
			isa = XCBuildConfiguration;
			baseConfigurationReference = 0AFDC88F1FE4D3CC5C16FBA1 /* Sirious.xcconfig */;
			buildSettings = {
				ASSETCATALOG_COMPILER_APPICON_NAME = AppIcon;
				COMBINE_HIDPI_IMAGES = YES;
				INFOPLIST_FILE = Sources/Support/Info.plist;
				LD_RUNPATH_SEARCH_PATHS = (
					"$(inherited)",
					"@executable_path/../Frameworks",
				);
				PRODUCT_BUNDLE_IDENTIFIER = com.galewilliams.Sirious;
				SDKROOT = macosx;
			};
			name = Release;
		};
		4B7EAF8BE9746D1171BD1EFC /* Debug */ = {
			isa = XCBuildConfiguration;
			baseConfigurationReference = 0AFDC88F1FE4D3CC5C16FBA1 /* Sirious.xcconfig */;
			buildSettings = {
				ASSETCATALOG_COMPILER_APPICON_NAME = AppIcon;
				COMBINE_HIDPI_IMAGES = YES;
				INFOPLIST_FILE = Sources/Support/Info.plist;
				LD_RUNPATH_SEARCH_PATHS = (
					"$(inherited)",
					"@executable_path/../Frameworks",
				);
				PRODUCT_BUNDLE_IDENTIFIER = com.galewilliams.Sirious;
				SDKROOT = macosx;
			};
			name = Debug;
		};
		4C13EFB728CB7019FE3F45E7 /* Release */ = {
			isa = XCBuildConfiguration;
			baseConfigurationReference = 0AFDC88F1FE4D3CC5C16FBA1 /* Sirious.xcconfig */;
			buildSettings = {
				BUNDLE_LOADER = "$(TEST_HOST)";
				COMBINE_HIDPI_IMAGES = YES;
				GENERATE_INFOPLIST_FILE = YES;
				LD_RUNPATH_SEARCH_PATHS = (
					"$(inherited)",
					"@executable_path/../Frameworks",
					"@loader_path/../Frameworks",
				);
				SDKROOT = macosx;
				TEST_HOST = "$(BUILT_PRODUCTS_DIR)/Sirious.app/Contents/MacOS/Sirious";
			};
			name = Release;
		};
		52561ED234866D654C5CC6C7 /* Release */ = {
			isa = XCBuildConfiguration;
			buildSettings = {
				ALWAYS_SEARCH_USER_PATHS = NO;
				CLANG_ANALYZER_NONNULL = YES;
				CLANG_ANALYZER_NUMBER_OBJECT_CONVERSION = YES_AGGRESSIVE;
				CLANG_CXX_LANGUAGE_STANDARD = "gnu++14";
				CLANG_CXX_LIBRARY = "libc++";
				CLANG_ENABLE_MODULES = YES;
				CLANG_ENABLE_OBJC_ARC = YES;
				CLANG_ENABLE_OBJC_WEAK = YES;
				CLANG_WARN_BLOCK_CAPTURE_AUTORELEASING = YES;
				CLANG_WARN_BOOL_CONVERSION = YES;
				CLANG_WARN_COMMA = YES;
				CLANG_WARN_CONSTANT_CONVERSION = YES;
				CLANG_WARN_DEPRECATED_OBJC_IMPLEMENTATIONS = YES;
				CLANG_WARN_DIRECT_OBJC_ISA_USAGE = YES_ERROR;
				CLANG_WARN_DOCUMENTATION_COMMENTS = YES;
				CLANG_WARN_EMPTY_BODY = YES;
				CLANG_WARN_ENUM_CONVERSION = YES;
				CLANG_WARN_INFINITE_RECURSION = YES;
				CLANG_WARN_INT_CONVERSION = YES;
				CLANG_WARN_NON_LITERAL_NULL_CONVERSION = YES;
				CLANG_WARN_OBJC_IMPLICIT_RETAIN_SELF = YES;
				CLANG_WARN_OBJC_LITERAL_CONVERSION = YES;
				CLANG_WARN_OBJC_ROOT_CLASS = YES_ERROR;
				CLANG_WARN_QUOTED_INCLUDE_IN_FRAMEWORK_HEADER = YES;
				CLANG_WARN_RANGE_LOOP_ANALYSIS = YES;
				CLANG_WARN_STRICT_PROTOTYPES = YES;
				CLANG_WARN_SUSPICIOUS_MOVE = YES;
				CLANG_WARN_UNGUARDED_AVAILABILITY = YES_AGGRESSIVE;
				CLANG_WARN_UNREACHABLE_CODE = YES;
				CLANG_WARN__DUPLICATE_METHOD_MATCH = YES;
				CODE_SIGN_STYLE = Automatic;
				COPY_PHASE_STRIP = NO;
				DEBUG_INFORMATION_FORMAT = "dwarf-with-dsym";
				DEVELOPMENT_TEAM = "";
				ENABLE_NS_ASSERTIONS = NO;
				ENABLE_STRICT_OBJC_MSGSEND = YES;
				GCC_C_LANGUAGE_STANDARD = gnu11;
				GCC_NO_COMMON_BLOCKS = YES;
				GCC_WARN_64_TO_32_BIT_CONVERSION = YES;
				GCC_WARN_ABOUT_RETURN_TYPE = YES_ERROR;
				GCC_WARN_UNDECLARED_SELECTOR = YES;
				GCC_WARN_UNINITIALIZED_AUTOS = YES_AGGRESSIVE;
				GCC_WARN_UNUSED_FUNCTION = YES;
				GCC_WARN_UNUSED_VARIABLE = YES;
				MACOSX_DEPLOYMENT_TARGET = 26.0;
				MTL_ENABLE_DEBUG_INFO = NO;
				MTL_FAST_MATH = YES;
				PRODUCT_NAME = "$(TARGET_NAME)";
				SDKROOT = macosx;
				SWIFT_COMPILATION_MODE = wholemodule;
				SWIFT_OPTIMIZATION_LEVEL = "-O";
				SWIFT_STRICT_CONCURRENCY = complete;
				SWIFT_VERSION = 6.0;
			};
			name = Release;
		};
		672C545F62335AB70C711CC5 /* Debug */ = {
			isa = XCBuildConfiguration;
			baseConfigurationReference = 0AFDC88F1FE4D3CC5C16FBA1 /* Sirious.xcconfig */;
			buildSettings = {
				BUNDLE_LOADER = "$(TEST_HOST)";
				COMBINE_HIDPI_IMAGES = YES;
				GENERATE_INFOPLIST_FILE = YES;
				LD_RUNPATH_SEARCH_PATHS = (
					"$(inherited)",
					"@executable_path/../Frameworks",
					"@loader_path/../Frameworks",
				);
				SDKROOT = macosx;
				TEST_HOST = "$(BUILT_PRODUCTS_DIR)/Sirious.app/Contents/MacOS/Sirious";
			};
			name = Debug;
		};
		71BD74647F306EA0BDBAF704 /* Debug */ = {
			isa = XCBuildConfiguration;
			buildSettings = {
				ALWAYS_SEARCH_USER_PATHS = NO;
				CLANG_ANALYZER_NONNULL = YES;
				CLANG_ANALYZER_NUMBER_OBJECT_CONVERSION = YES_AGGRESSIVE;
				CLANG_CXX_LANGUAGE_STANDARD = "gnu++14";
				CLANG_CXX_LIBRARY = "libc++";
				CLANG_ENABLE_MODULES = YES;
				CLANG_ENABLE_OBJC_ARC = YES;
				CLANG_ENABLE_OBJC_WEAK = YES;
				CLANG_WARN_BLOCK_CAPTURE_AUTORELEASING = YES;
				CLANG_WARN_BOOL_CONVERSION = YES;
				CLANG_WARN_COMMA = YES;
				CLANG_WARN_CONSTANT_CONVERSION = YES;
				CLANG_WARN_DEPRECATED_OBJC_IMPLEMENTATIONS = YES;
				CLANG_WARN_DIRECT_OBJC_ISA_USAGE = YES_ERROR;
				CLANG_WARN_DOCUMENTATION_COMMENTS = YES;
				CLANG_WARN_EMPTY_BODY = YES;
				CLANG_WARN_ENUM_CONVERSION = YES;
				CLANG_WARN_INFINITE_RECURSION = YES;
				CLANG_WARN_INT_CONVERSION = YES;
				CLANG_WARN_NON_LITERAL_NULL_CONVERSION = YES;
				CLANG_WARN_OBJC_IMPLICIT_RETAIN_SELF = YES;
				CLANG_WARN_OBJC_LITERAL_CONVERSION = YES;
				CLANG_WARN_OBJC_ROOT_CLASS = YES_ERROR;
				CLANG_WARN_QUOTED_INCLUDE_IN_FRAMEWORK_HEADER = YES;
				CLANG_WARN_RANGE_LOOP_ANALYSIS = YES;
				CLANG_WARN_STRICT_PROTOTYPES = YES;
				CLANG_WARN_SUSPICIOUS_MOVE = YES;
				CLANG_WARN_UNGUARDED_AVAILABILITY = YES_AGGRESSIVE;
				CLANG_WARN_UNREACHABLE_CODE = YES;
				CLANG_WARN__DUPLICATE_METHOD_MATCH = YES;
				CODE_SIGN_STYLE = Automatic;
				COPY_PHASE_STRIP = NO;
				DEBUG_INFORMATION_FORMAT = dwarf;
				DEVELOPMENT_TEAM = "";
				ENABLE_STRICT_OBJC_MSGSEND = YES;
				ENABLE_TESTABILITY = YES;
				GCC_C_LANGUAGE_STANDARD = gnu11;
				GCC_DYNAMIC_NO_PIC = NO;
				GCC_NO_COMMON_BLOCKS = YES;
				GCC_OPTIMIZATION_LEVEL = 0;
				GCC_PREPROCESSOR_DEFINITIONS = (
					"$(inherited)",
					"DEBUG=1",
				);
				GCC_WARN_64_TO_32_BIT_CONVERSION = YES;
				GCC_WARN_ABOUT_RETURN_TYPE = YES_ERROR;
				GCC_WARN_UNDECLARED_SELECTOR = YES;
				GCC_WARN_UNINITIALIZED_AUTOS = YES_AGGRESSIVE;
				GCC_WARN_UNUSED_FUNCTION = YES;
				GCC_WARN_UNUSED_VARIABLE = YES;
				MACOSX_DEPLOYMENT_TARGET = 26.0;
				MTL_ENABLE_DEBUG_INFO = INCLUDE_SOURCE;
				MTL_FAST_MATH = YES;
				ONLY_ACTIVE_ARCH = YES;
				PRODUCT_NAME = "$(TARGET_NAME)";
				SDKROOT = macosx;
				SWIFT_ACTIVE_COMPILATION_CONDITIONS = DEBUG;
				SWIFT_OPTIMIZATION_LEVEL = "-Onone";
				SWIFT_STRICT_CONCURRENCY = complete;
				SWIFT_VERSION = 6.0;
			};
			name = Debug;
		};
		ED95DB018FA3307B52245DEA /* Release */ = {
			isa = XCBuildConfiguration;
			baseConfigurationReference = 0AFDC88F1FE4D3CC5C16FBA1 /* Sirious.xcconfig */;
			buildSettings = {
				BUNDLE_LOADER = "$(TEST_HOST)";
				COMBINE_HIDPI_IMAGES = YES;
				GENERATE_INFOPLIST_FILE = YES;
				LD_RUNPATH_SEARCH_PATHS = (
					"$(inherited)",
					"@executable_path/Frameworks",
					"@loader_path/Frameworks",
				);
				SDKROOT = macosx;
				TEST_TARGET_NAME = Sirious;
			};
			name = Release;
		};
		F3D6A11ED413DAF3CC14E8DD /* Debug */ = {
			isa = XCBuildConfiguration;
			baseConfigurationReference = 0AFDC88F1FE4D3CC5C16FBA1 /* Sirious.xcconfig */;
			buildSettings = {
				BUNDLE_LOADER = "$(TEST_HOST)";
				COMBINE_HIDPI_IMAGES = YES;
				GENERATE_INFOPLIST_FILE = YES;
				LD_RUNPATH_SEARCH_PATHS = (
					"$(inherited)",
					"@executable_path/Frameworks",
					"@loader_path/Frameworks",
				);
				SDKROOT = macosx;
				TEST_TARGET_NAME = Sirious;
			};
			name = Debug;
		};
/* End XCBuildConfiguration section */

/* Begin XCConfigurationList section */
		3EC7F1D0C6EBA05B40FDEE6B /* Build configuration list for PBXNativeTarget "SiriousUITests" */ = {
			isa = XCConfigurationList;
			buildConfigurations = (
				F3D6A11ED413DAF3CC14E8DD /* Debug */,
				ED95DB018FA3307B52245DEA /* Release */,
			);
			defaultConfigurationIsVisible = 0;
			defaultConfigurationName = Debug;
		};
		4B8ED482AC45B69555A6BABE /* Build configuration list for PBXNativeTarget "Sirious" */ = {
			isa = XCConfigurationList;
			buildConfigurations = (
				4B7EAF8BE9746D1171BD1EFC /* Debug */,
				38672C1BDE826267F438205E /* Release */,
			);
			defaultConfigurationIsVisible = 0;
			defaultConfigurationName = Debug;
		};
		7794D306B4D671E64A7E83BA /* Build configuration list for PBXNativeTarget "SiriousTests" */ = {
			isa = XCConfigurationList;
			buildConfigurations = (
				672C545F62335AB70C711CC5 /* Debug */,
				4C13EFB728CB7019FE3F45E7 /* Release */,
			);
			defaultConfigurationIsVisible = 0;
			defaultConfigurationName = Debug;
		};
		E2EC6FA405869CD972E8D14A /* Build configuration list for PBXProject "Sirious" */ = {
			isa = XCConfigurationList;
			buildConfigurations = (
				71BD74647F306EA0BDBAF704 /* Debug */,
				52561ED234866D654C5CC6C7 /* Release */,
			);
			defaultConfigurationIsVisible = 0;
			defaultConfigurationName = Debug;
		};
/* End XCConfigurationList section */
	};
	rootObject = D5BD09856B751B5B7C214BF3 /* Project object */;
}
