// !$*UTF8*$!
{
	archiveVersion = 1;
	classes = {
	};
	objectVersion = 77;
	objects = {

/* Begin PBXBuildFile section */
		000C37209510B3952BAFAF8A /* WindowCommandExecutor.swift in Sources */ = {isa = PBXBuildFile; fileRef = 1A885F28380DE16550CD5B98 /* WindowCommandExecutor.swift */; };
		03824DDEFAC510D57682E0A7 /* SecurityScopedHomeDirectoryAccessService.swift in Sources */ = {isa = PBXBuildFile; fileRef = 983BBF4792F0DA5509965723 /* SecurityScopedHomeDirectoryAccessService.swift */; };
		056413958A690A5FDFD11562 /* ApplicationExecutionClient.swift in Sources */ = {isa = PBXBuildFile; fileRef = 6ECC7318FCFCBFE73A48DDD6 /* ApplicationExecutionClient.swift */; };
		0803967027EB68DD017F1445 /* ApplicationSnapshot.swift in Sources */ = {isa = PBXBuildFile; fileRef = D6213A265A710D4193A9EB1C /* ApplicationSnapshot.swift */; };
		08162555D45B7F6DA51F3E01 /* FocusedControlSnapshot.swift in Sources */ = {isa = PBXBuildFile; fileRef = 362776E34AF8661B75AE6E84 /* FocusedControlSnapshot.swift */; };
		095FF6502C5A706B5B9DCC9D /* SpotlightAppSearchProvider.swift in Sources */ = {isa = PBXBuildFile; fileRef = 4BA5491A94A2B4AC49741425 /* SpotlightAppSearchProvider.swift */; };
		098CDB9100377D9E39375590 /* AppleSpeechAudioFixtureManifestTests.swift in Sources */ = {isa = PBXBuildFile; fileRef = 43560F72CDBA2EA76A53C277 /* AppleSpeechAudioFixtureManifestTests.swift */; };
		09EC780F01D5F1FE2ED57043 /* AccessibilityPermissionState.swift in Sources */ = {isa = PBXBuildFile; fileRef = 5A47C331DC612DB0514F233B /* AccessibilityPermissionState.swift */; };
		0ADB881A42B7175243279BC3 /* RoutingMode+MenuBar.swift in Sources */ = {isa = PBXBuildFile; fileRef = D0D219336B9F52D770ACB0CD /* RoutingMode+MenuBar.swift */; };
		0B68E9AEF4E63F0B0A2E4A80 /* ApplicationResolver.swift in Sources */ = {isa = PBXBuildFile; fileRef = AD8E901C5407AC4703A24F0A /* ApplicationResolver.swift */; };
		0D595815A0935251DC86CFA5 /* SystemContextSnapshot.swift in Sources */ = {isa = PBXBuildFile; fileRef = 291692174DB8FA310F6D8272 /* SystemContextSnapshot.swift */; };
		0DB28D12BFF7B774232C093D /* WorkspaceStateStore.swift in Sources */ = {isa = PBXBuildFile; fileRef = 78582FB20AA8FBC0EF5ED805 /* WorkspaceStateStore.swift */; };
		0DC6E9A118A79C9EE13CACF5 /* WakePhraseRecognizer.swift in Sources */ = {isa = PBXBuildFile; fileRef = 45D34ABC24209B1B3846F3F8 /* WakePhraseRecognizer.swift */; };
		0E59962BE7B87A26E7FED9FD /* CommandExecutionRequestResolver.swift in Sources */ = {isa = PBXBuildFile; fileRef = FC55531CCB7712F4DEDAA817 /* CommandExecutionRequestResolver.swift */; };
		0FFB5237F77665C88532B01E /* AppleSpeechAudioFileTranscriptSourceTests.swift in Sources */ = {isa = PBXBuildFile; fileRef = 162110AD8307759C8420ADCA /* AppleSpeechAudioFileTranscriptSourceTests.swift */; };
		127E92C7C084AF67654AB098 /* AccessibilityFocusedControlObserver.swift in Sources */ = {isa = PBXBuildFile; fileRef = 7207EAA2218348C58425A35D /* AccessibilityFocusedControlObserver.swift */; };
		186B2F4188A61F1837AB0663 /* WorkspaceStateProviding.swift in Sources */ = {isa = PBXBuildFile; fileRef = 1EC8789017EFD204AFA940AF /* WorkspaceStateProviding.swift */; };
		188C565FF6D5248D8D1347DC /* InstalledApplicationCandidate.swift in Sources */ = {isa = PBXBuildFile; fileRef = FBA94681BB3770374ED64F0E /* InstalledApplicationCandidate.swift */; };
		1A4930B07DFE71B984524BBB /* RoutingMode.swift in Sources */ = {isa = PBXBuildFile; fileRef = C90148173640BEF7E4606F92 /* RoutingMode.swift */; };
		2160056700C4D8EBDC9C045B /* TextCommandExecutor.swift in Sources */ = {isa = PBXBuildFile; fileRef = FB4F9D0CEB18279D1874CB15 /* TextCommandExecutor.swift */; };
		2707C2AA585F5AFEF3044D17 /* FirstStageContextResolverTests.swift in Sources */ = {isa = PBXBuildFile; fileRef = 42B21CE25C80990889763EA0 /* FirstStageContextResolverTests.swift */; };
		28B0A35DABBF66D3FF0FF1BE /* TranscriptStability.swift in Sources */ = {isa = PBXBuildFile; fileRef = 651F0FD88128DF3A97143425 /* TranscriptStability.swift */; };
		2A96D78D33A6F9820F2220A6 /* SystemServiceCommandExecutor.swift in Sources */ = {isa = PBXBuildFile; fileRef = 0236461484EF793DAC5FF98B /* SystemServiceCommandExecutor.swift */; };
		2B48575E09A2148BD837E5DC /* MediaCommandPatterns.swift in Sources */ = {isa = PBXBuildFile; fileRef = 7856D9111A3D181863E897DA /* MediaCommandPatterns.swift */; };
		2DBAA6932EE67378245DB2C4 /* TranscriptionRuntimeState.swift in Sources */ = {isa = PBXBuildFile; fileRef = BF632DE15C3368A00F28A886 /* TranscriptionRuntimeState.swift */; };
		2F852EA391AE14ADD3110E89 /* StaticSystemContextProvider.swift in Sources */ = {isa = PBXBuildFile; fileRef = B8EA67D9801A1BF625CB20F1 /* StaticSystemContextProvider.swift */; };
		34DF60159662D7D047DCBBF0 /* App.swift in Sources */ = {isa = PBXBuildFile; fileRef = 92A292D79B17CF1EDD155535 /* App.swift */; };
		365B76022F436CF6D3CD923B /* FocusedControlAXMapping.swift in Sources */ = {isa = PBXBuildFile; fileRef = 86C5FB12D932C7F81D90F74C /* FocusedControlAXMapping.swift */; };
		365D61CB718CC9F9CF0EA6D8 /* CommandExecutionDispatcherTests.swift in Sources */ = {isa = PBXBuildFile; fileRef = 14215BF76E17A6633AC975DF /* CommandExecutionDispatcherTests.swift */; };
		3902DA5A4DA333C2874C93E7 /* AXFocusedControlReader.swift in Sources */ = {isa = PBXBuildFile; fileRef = DBB42735BE33AB2C5EEC165E /* AXFocusedControlReader.swift */; };
		3A0C0F1E82E40B40BC91651D /* TranscriptSpanStabilizer.swift in Sources */ = {isa = PBXBuildFile; fileRef = 1DA0360B18CA6166310C8A3F /* TranscriptSpanStabilizer.swift */; };
		3AAFE5F57C34CD31F779ACAB /* FirstStageNormalizationAndFallbackTests.swift in Sources */ = {isa = PBXBuildFile; fileRef = 287D0A94B24438C530B0C39B /* FirstStageNormalizationAndFallbackTests.swift */; };
		3D1249FC5B1776C20460832E /* LoggingCommandExecutors.swift in Sources */ = {isa = PBXBuildFile; fileRef = C8A7A756E6819E080DE1B5C1 /* LoggingCommandExecutors.swift */; };
		3E2179CB9ECECB8FB5D6AE6D /* AppCommandExecutorTests.swift in Sources */ = {isa = PBXBuildFile; fileRef = C81A7629B0E6A04787F8C0A0 /* AppCommandExecutorTests.swift */; };
		3FFCFEBB5A6A67E1495EA186 /* RouteDecisionView.swift in Sources */ = {isa = PBXBuildFile; fileRef = 75531DC07DBDBE6BAD7A015C /* RouteDecisionView.swift */; };
		404D98C2DC6E48C83FE4A1A5 /* AppCommandPatterns.swift in Sources */ = {isa = PBXBuildFile; fileRef = 7F55612E30D262DD149B1057 /* AppCommandPatterns.swift */; };
		43B363D195DD04BF7EA59A56 /* TranscriptionActivationPolicy.swift in Sources */ = {isa = PBXBuildFile; fileRef = 83A1C5889D573F3D30401B60 /* TranscriptionActivationPolicy.swift */; };
		43F81F8B4C7C345F44D33857 /* TranscriptEventSource.swift in Sources */ = {isa = PBXBuildFile; fileRef = 6E1B748F913BB9BC0AF5E0A2 /* TranscriptEventSource.swift */; };
		44010EA6E178EEB4D8462A89 /* SiriousRuntime.swift in Sources */ = {isa = PBXBuildFile; fileRef = 3AC6DAE565E0E66BA3F13C20 /* SiriousRuntime.swift */; };
		486FB95998E1308B987A0CE2 /* MediaCommandExecutor.swift in Sources */ = {isa = PBXBuildFile; fileRef = 2875F35C0FE138C8A47182C5 /* MediaCommandExecutor.swift */; };
		48A216908586C8DA63011C4C /* PauseBeforeExitDictation.swift in Sources */ = {isa = PBXBuildFile; fileRef = 4481676FD41873D267A2F3C7 /* PauseBeforeExitDictation.swift */; };
		4933BD4D831E07B912B7F90D /* FocusedControlContextTests.swift in Sources */ = {isa = PBXBuildFile; fileRef = 40EACC58DBF817A1563ED62B /* FocusedControlContextTests.swift */; };
		4A3B40B9AD2193BB729B47C3 /* AlwaysOnTopWindowModifier.swift in Sources */ = {isa = PBXBuildFile; fileRef = 6F25AD60A1982BAEEEC94A25 /* AlwaysOnTopWindowModifier.swift */; };
		4ABB56139DD6C016C8399376 /* HomeDirectoryAccessStateTests.swift in Sources */ = {isa = PBXBuildFile; fileRef = C4C3F4C28FBAE9F3A38B521B /* HomeDirectoryAccessStateTests.swift */; };
		4DBF8FFECBD83AF60203FC1D /* LoginItemState.swift in Sources */ = {isa = PBXBuildFile; fileRef = D5E234BBC3AAAF94F9508106 /* LoginItemState.swift */; };
		4E34D5CB0D601B3CDC02BF1E /* CommandCenterView.swift in Sources */ = {isa = PBXBuildFile; fileRef = 5CBD4EBE52C0BFB14673B01E /* CommandCenterView.swift */; };
		50099EFFB3EE7D840F7A8CC9 /* ServiceCommandPatterns.swift in Sources */ = {isa = PBXBuildFile; fileRef = 12033D743AA63617DB2BDF13 /* ServiceCommandPatterns.swift */; };
		503C1750160303D31E21CF8D /* SystemCommandCatalogStore.swift in Sources */ = {isa = PBXBuildFile; fileRef = 34655C94BCA8FC645CA13F5F /* SystemCommandCatalogStore.swift */; };
		5370E15E36C6FEC55401BBDD /* TextEntrySessionState.swift in Sources */ = {isa = PBXBuildFile; fileRef = 333E9B9AC52B4D4FC419117F /* TextEntrySessionState.swift */; };
		5B1FEBCD7143DE259604B8F4 /* TextEditRealAppScenarioTests.swift in Sources */ = {isa = PBXBuildFile; fileRef = 6DB5E57A53EA757180BFAA70 /* TextEditRealAppScenarioTests.swift */; };
		5F44A44679C79B514CFC7801 /* AudioPlaybackSnapshot.swift in Sources */ = {isa = PBXBuildFile; fileRef = FFFB4F379B6EF6D4C1A363E3 /* AudioPlaybackSnapshot.swift */; };
		60AB98565AB694F1EA8D79B0 /* TranscriptEvent.swift in Sources */ = {isa = PBXBuildFile; fileRef = 35CAA83A0445A76839B6BF09 /* TranscriptEvent.swift */; };
		623B54DD8830B8BC41656F4E /* FirstStageSystemServiceRoutingTests.swift in Sources */ = {isa = PBXBuildFile; fileRef = DD6DCBF7F828816D64EAD66E /* FirstStageSystemServiceRoutingTests.swift */; };
		64C7296F0F49A5CCF8127A1F /* RealAppScenarioSupportTests.swift in Sources */ = {isa = PBXBuildFile; fileRef = F00D0CD50E437AA7F923C8C5 /* RealAppScenarioSupportTests.swift */; };
		65042A5AA4D0C75E3B4B6CFA /* InstalledApplicationResolverTests.swift in Sources */ = {isa = PBXBuildFile; fileRef = AA288069DE0BBA3CCFF577B6 /* InstalledApplicationResolverTests.swift */; };
		67C10C1068431945EBE67930 /* FirstStageDictionaryRoutingTests.swift in Sources */ = {isa = PBXBuildFile; fileRef = A028A1B23C7956A50665315F /* FirstStageDictionaryRoutingTests.swift */; };
		6854E210E8979F7E87B013F0 /* SystemCommandCatalog.swift in Sources */ = {isa = PBXBuildFile; fileRef = B92B42F8B22ED5FEB646DB3C /* SystemCommandCatalog.swift */; };
		702BE55B797EEC17769A7781 /* AccessibilityPermissionProviding.swift in Sources */ = {isa = PBXBuildFile; fileRef = B14750F7FE0195F9CDBDCBB6 /* AccessibilityPermissionProviding.swift */; };
		7215CFBE0A182AE6111A07C0 /* ShortcutCatalogProvider.swift in Sources */ = {isa = PBXBuildFile; fileRef = F2C31AE6FEE71D6568492925 /* ShortcutCatalogProvider.swift */; };
		7297E14E62A9378C3E0667B7 /* StreamingReadiness.swift in Sources */ = {isa = PBXBuildFile; fileRef = 34551AF675C0A18E447AEB8D /* StreamingReadiness.swift */; };
		72C02699674A1A5490F1CCE0 /* SettingsView.swift in Sources */ = {isa = PBXBuildFile; fileRef = 5A5BBCEF49329C2CFF815316 /* SettingsView.swift */; };
		765E21EBF0E2894B5623C0A5 /* NormalizedCommand.swift in Sources */ = {isa = PBXBuildFile; fileRef = 7D36C39DCA6C35867BA83450 /* NormalizedCommand.swift */; };
		76B3BE44B3E69513BE6D72DB /* FirstStageRouteClassifier.swift in Sources */ = {isa = PBXBuildFile; fileRef = FE6AB65CFC7AF546C832ABE5 /* FirstStageRouteClassifier.swift */; };
		7BAEFD42BADA77C080573354 /* FirstStageAppWindowRoutingTests.swift in Sources */ = {isa = PBXBuildFile; fileRef = B54A7393D86AF7BB9BF5AF29 /* FirstStageAppWindowRoutingTests.swift */; };
		7F23C9518251EDA440929B03 /* StreamingRouteClassifier.swift in Sources */ = {isa = PBXBuildFile; fileRef = E35B438379BC5A4B1A9A3E2A /* StreamingRouteClassifier.swift */; };
		81647A83B3CE3859E8C8745F /* WindowTargetResolver.swift in Sources */ = {isa = PBXBuildFile; fileRef = 4DD7E262EF07909BE05DD6A9 /* WindowTargetResolver.swift */; };
		8188CD23E26A064BC4E0178B /* TranscriptSource.swift in Sources */ = {isa = PBXBuildFile; fileRef = DEB8BC6C6D119281537D52C8 /* TranscriptSource.swift */; };
		88FF2D487F8241A0D275C587 /* SystemCommandCatalogTests.swift in Sources */ = {isa = PBXBuildFile; fileRef = DC77FA0E320BE0AA59B7CC17 /* SystemCommandCatalogTests.swift */; };
		8B2AAF57F1664ECDEDE60C36 /* MenuBarWindow.swift in Sources */ = {isa = PBXBuildFile; fileRef = E4410EA38B83FDAD99CF8966 /* MenuBarWindow.swift */; };
		8CA5C4EDD9302B89D26A57CD /* RiskAndContextGateTests.swift in Sources */ = {isa = PBXBuildFile; fileRef = 876A188D0D863DBF4B79B06C /* RiskAndContextGateTests.swift */; };
		8D0764AEE7A5C5187A38D717 /* OptionKeyActivationMonitor.swift in Sources */ = {isa = PBXBuildFile; fileRef = 88E685824530507F32B73B2E /* OptionKeyActivationMonitor.swift */; };
		8EC085E0517ACD0EB7547E46 /* AccessibilityPermissionClient.swift in Sources */ = {isa = PBXBuildFile; fileRef = 7A96274832B840ACCFF30E5A /* AccessibilityPermissionClient.swift */; };
		9095F59313D67BE2AB8A74D0 /* PendingCommand.swift in Sources */ = {isa = PBXBuildFile; fileRef = 0792FA46662CDC961D841C66 /* PendingCommand.swift */; };
		93B7C1954166B8D78822D889 /* SiriousUITests.swift in Sources */ = {isa = PBXBuildFile; fileRef = 4F760D8782A6B29A2E32754B /* SiriousUITests.swift */; };
		953DBBEF695938E5CC3924EF /* RuntimeIssue.swift in Sources */ = {isa = PBXBuildFile; fileRef = DBD8E3A8BD8FCCA4B5A1FE43 /* RuntimeIssue.swift */; };
		95A2CD4F847080F15793DA3D /* PendingCommandStore.swift in Sources */ = {isa = PBXBuildFile; fileRef = C8C284E9C7D544EB077C57B8 /* PendingCommandStore.swift */; };
		98AB79FEBBFAE0D5657FCFC9 /* DebugView.swift in Sources */ = {isa = PBXBuildFile; fileRef = 5352FD80637F096E940491CE /* DebugView.swift */; };
		99F1AA2EA0278A3C9EF86997 /* RuntimeIssueStore.swift in Sources */ = {isa = PBXBuildFile; fileRef = E7C0893178AF969E824CAE01 /* RuntimeIssueStore.swift */; };
		9BC6A608767C75B6CB238DFA /* RiskAndContextGate.swift in Sources */ = {isa = PBXBuildFile; fileRef = CB13480D223904B499060129 /* RiskAndContextGate.swift */; };
		9EAC0DD3373858B219B00E86 /* CommandComplexity.swift in Sources */ = {isa = PBXBuildFile; fileRef = A582E2176F43276123E20B2A /* CommandComplexity.swift */; };
		9F7E812F7AC492013860FD26 /* AppCommandExecutor.swift in Sources */ = {isa = PBXBuildFile; fileRef = 7E381EC784DDB76D9F9A34D0 /* AppCommandExecutor.swift */; };
		A1303A94FF827B8B831B54EC /* AXFocusedControlSnapshotReader.swift in Sources */ = {isa = PBXBuildFile; fileRef = 56CC2D673BB638E3C5604037 /* AXFocusedControlSnapshotReader.swift */; };
		A33F5A97251A2149BFC7FF0F /* PendingCommandStoreTests.swift in Sources */ = {isa = PBXBuildFile; fileRef = E05E138F193219DA51029322 /* PendingCommandStoreTests.swift */; };
		A70971CBE44D3F6C80028EE4 /* FirstStageTextRoutingTests.swift in Sources */ = {isa = PBXBuildFile; fileRef = 8BE379CC214DEC3D184F0936 /* FirstStageTextRoutingTests.swift */; };
		A898DEF76D1D29BCD0E8EF50 /* SystemContextProviding.swift in Sources */ = {isa = PBXBuildFile; fileRef = 8659701C6DB0F77684423809 /* SystemContextProviding.swift */; };
		AC1DE693E16BFA1646877B25 /* FirstStageMediaRoutingTests.swift in Sources */ = {isa = PBXBuildFile; fileRef = D6EDF66BA03B832DC85CE395 /* FirstStageMediaRoutingTests.swift */; };
		AC6A8B6ADDD22F217EDCBA01 /* TextEntrySessionStoreTests.swift in Sources */ = {isa = PBXBuildFile; fileRef = B88467FAB03647417E8DFD44 /* TextEntrySessionStoreTests.swift */; };
		AD7B58920DB313DAE5D9077E /* RoutingModeProviding.swift in Sources */ = {isa = PBXBuildFile; fileRef = 1BDE7311B1C7FF3759B8546A /* RoutingModeProviding.swift */; };
		AF18F03B92BFAC02BC660495 /* SystemCommandCandidate.swift in Sources */ = {isa = PBXBuildFile; fileRef = 003E8B7032F867C7C9885DC2 /* SystemCommandCandidate.swift */; };
		B94C28C850A93DEFC53BB948 /* CommandExecutionRequestResolverTests.swift in Sources */ = {isa = PBXBuildFile; fileRef = 5BA62AC9B866BCC81D86D71E /* CommandExecutionRequestResolverTests.swift */; };
		BE78B62836A887F959DEEE24 /* FocusedControlProviding.swift in Sources */ = {isa = PBXBuildFile; fileRef = 17E2C4728C5F48A7751164F4 /* FocusedControlProviding.swift */; };
		C168BCEAEFA87B4353FAB752 /* AccessibilityPermissionStatus.swift in Sources */ = {isa = PBXBuildFile; fileRef = FBE3154AE953EB685AFF881C /* AccessibilityPermissionStatus.swift */; };
		C67EFA3CCD3187A66E6E90A1 /* RuntimeIssueStoreTests.swift in Sources */ = {isa = PBXBuildFile; fileRef = 0F75A68D6FF541076392CE47 /* RuntimeIssueStoreTests.swift */; };
		C98A249EC807DFBB7605C55B /* AppleSpeechTranscriptSource.swift in Sources */ = {isa = PBXBuildFile; fileRef = AE363D7A7D65FEB09108B6DC /* AppleSpeechTranscriptSource.swift */; };
		C9B6138F64ECDBF4A3BB0245 /* WindowCommandPatterns.swift in Sources */ = {isa = PBXBuildFile; fileRef = 946A3334258A628FE8C767EF /* WindowCommandPatterns.swift */; };
		CA0E871BC79B92B10294CA0E /* AudioStateProviding.swift in Sources */ = {isa = PBXBuildFile; fileRef = ABD82DDD5D3CDB656996BA9A /* AudioStateProviding.swift */; };
		CAD55E951954CBE84E6ACF2E /* AppleSpeechAudioFileRecognitionIntegrationTests.swift in Sources */ = {isa = PBXBuildFile; fileRef = 5BF4E63D2E0BE00322E86CB8 /* AppleSpeechAudioFileRecognitionIntegrationTests.swift */; };
		CC99CF1629264479E011D7BD /* RealAppScenarioSupport.swift in Sources */ = {isa = PBXBuildFile; fileRef = AF4921E05DB2A2857989A7CE /* RealAppScenarioSupport.swift */; };
		CDC9F991C89AC1913C3BB606 /* CommandExecution.swift in Sources */ = {isa = PBXBuildFile; fileRef = C86D8C436A675858E635E570 /* CommandExecution.swift */; };
		CEF210D1AF46499AB42B3F7E /* SiriousRuntimeTests.swift in Sources */ = {isa = PBXBuildFile; fileRef = 13F1634F0993DB7160D620AA /* SiriousRuntimeTests.swift */; };
		D10AE22E8E44D0202D92A187 /* TextCommandPatterns.swift in Sources */ = {isa = PBXBuildFile; fileRef = B1002FF2227CD2B83D1C57EC /* TextCommandPatterns.swift */; };
		D44E8582DD3E02AC472D4F17 /* PasteboardSnapshotTests.swift in Sources */ = {isa = PBXBuildFile; fileRef = 074A953F40F3FF4973ABA035 /* PasteboardSnapshotTests.swift */; };
		D7B5FB7366544A970C168091 /* LiveSystemContextProvider.swift in Sources */ = {isa = PBXBuildFile; fileRef = C646C3FE97B248BE42458E1E /* LiveSystemContextProvider.swift */; };
		D94D212F9AC2423CFB5E1391 /* OptionKeyActivationMonitorTests.swift in Sources */ = {isa = PBXBuildFile; fileRef = 281872B3C5288D7329D40535 /* OptionKeyActivationMonitorTests.swift */; };
		D97737942977DA4211A8CBA4 /* TextEntrySessionStore.swift in Sources */ = {isa = PBXBuildFile; fileRef = FE43149B39A9B532E8147A2E /* TextEntrySessionStore.swift */; };
		D9FD2AFA025DFA37E59BB4EC /* LoginItemStateTests.swift in Sources */ = {isa = PBXBuildFile; fileRef = 0729A3D254A1394BD8E3B2C7 /* LoginItemStateTests.swift */; };
		DB1747EB7A1F7896761C404C /* RouteModels.swift in Sources */ = {isa = PBXBuildFile; fileRef = AF7910EC6772BABC35F0EE68 /* RouteModels.swift */; };
		DB52C4E116F117ED4C654F72 /* CommandExecutionDispatcher.swift in Sources */ = {isa = PBXBuildFile; fileRef = 212AEC0F6B5C299D4049BBE7 /* CommandExecutionDispatcher.swift */; };
		DE346E3EC3FA61ED88DBBEAE /* SystemServiceCatalogProvider.swift in Sources */ = {isa = PBXBuildFile; fileRef = 42B10A25AD6AB1EBC720AC72 /* SystemServiceCatalogProvider.swift */; };
		E083F9B477FD3B97D0D8FFD2 /* HomeDirectoryAccessState.swift in Sources */ = {isa = PBXBuildFile; fileRef = 23FFEC24EC3EC6F4F85C52B3 /* HomeDirectoryAccessState.swift */; };
		E1A8BB2CB7A1876A053105A0 /* InstalledApplicationProvider.swift in Sources */ = {isa = PBXBuildFile; fileRef = 39BCE444D879C99F246CFB08 /* InstalledApplicationProvider.swift */; };
		E2C55FD1DC79CFF78DE2DD7E /* CommandNormalizer.swift in Sources */ = {isa = PBXBuildFile; fileRef = D7BCDBBF5D0AE24A355E7FB8 /* CommandNormalizer.swift */; };
		E67750A7E95BF1758335D916 /* RoutingModeContextTests.swift in Sources */ = {isa = PBXBuildFile; fileRef = C864F5CDBCF47104400EFAE8 /* RoutingModeContextTests.swift */; };
		E7EB1A9CF54BE5838C2B4ACD /* WorkspaceSnapshot.swift in Sources */ = {isa = PBXBuildFile; fileRef = E89E3B4176377A1619E1285C /* WorkspaceSnapshot.swift */; };
		E7F62D88563803FF9E588A18 /* CommandTarget.swift in Sources */ = {isa = PBXBuildFile; fileRef = 1E32B7AF7E35616EB4565C29 /* CommandTarget.swift */; };
		E8E18734B69AC56D2EE685D2 /* AppleSpeechAudioFileTranscriptSource.swift in Sources */ = {isa = PBXBuildFile; fileRef = 269C598181BE831F823D4EA7 /* AppleSpeechAudioFileTranscriptSource.swift */; };
		E998F68EABAF6FCB741E694F /* DictionaryCommandExecutor.swift in Sources */ = {isa = PBXBuildFile; fileRef = F7C2F02651E753A83ACD4080 /* DictionaryCommandExecutor.swift */; };
		EE79534A405C54AC8658DA0F /* PatternCommandRouter.swift in Sources */ = {isa = PBXBuildFile; fileRef = 601B712F4A4F30B8E987A12C /* PatternCommandRouter.swift */; };
		F1A6D1E463CEEFB167170751 /* AppWindowID.swift in Sources */ = {isa = PBXBuildFile; fileRef = 076D6E1313CFACB95E4771C6 /* AppWindowID.swift */; };
		F327516745842436F36F535E /* CommandToken.swift in Sources */ = {isa = PBXBuildFile; fileRef = 790864528DEDE51E0C382016 /* CommandToken.swift */; };
		F4FDD4C1E5EEB975DEB7E995 /* DictionaryCommandPatterns.swift in Sources */ = {isa = PBXBuildFile; fileRef = 3413676491CAB35A1A297A97 /* DictionaryCommandPatterns.swift */; };
		F592A53823F7C0938C1CD1D1 /* MPNowPlayingAudioStateProvider.swift in Sources */ = {isa = PBXBuildFile; fileRef = B6A97FF1725B12BF14B040F6 /* MPNowPlayingAudioStateProvider.swift */; };
/* End PBXBuildFile section */

/* Begin PBXContainerItemProxy section */
		04474A14A542D27DC6810DC6 /* PBXContainerItemProxy */ = {
			isa = PBXContainerItemProxy;
			containerPortal = D5BD09856B751B5B7C214BF3 /* Project object */;
			proxyType = 1;
			remoteGlobalIDString = C4B92D384B30AFDB8362F542;
			remoteInfo = Sirious;
		};
		E9A6C793706A76B6F4651125 /* PBXContainerItemProxy */ = {
			isa = PBXContainerItemProxy;
			containerPortal = D5BD09856B751B5B7C214BF3 /* Project object */;
			proxyType = 1;
			remoteGlobalIDString = C4B92D384B30AFDB8362F542;
			remoteInfo = Sirious;
		};
/* End PBXContainerItemProxy section */

/* Begin PBXFileReference section */
		003E8B7032F867C7C9885DC2 /* SystemCommandCandidate.swift */ = {isa = PBXFileReference; lastKnownFileType = sourcecode.swift; path = SystemCommandCandidate.swift; sourceTree = "<group>"; };
		0236461484EF793DAC5FF98B /* SystemServiceCommandExecutor.swift */ = {isa = PBXFileReference; lastKnownFileType = sourcecode.swift; path = SystemServiceCommandExecutor.swift; sourceTree = "<group>"; };
		0729A3D254A1394BD8E3B2C7 /* LoginItemStateTests.swift */ = {isa = PBXFileReference; lastKnownFileType = sourcecode.swift; path = LoginItemStateTests.swift; sourceTree = "<group>"; };
		074A953F40F3FF4973ABA035 /* PasteboardSnapshotTests.swift */ = {isa = PBXFileReference; lastKnownFileType = sourcecode.swift; path = PasteboardSnapshotTests.swift; sourceTree = "<group>"; };
		076D6E1313CFACB95E4771C6 /* AppWindowID.swift */ = {isa = PBXFileReference; lastKnownFileType = sourcecode.swift; path = AppWindowID.swift; sourceTree = "<group>"; };
		0792FA46662CDC961D841C66 /* PendingCommand.swift */ = {isa = PBXFileReference; lastKnownFileType = sourcecode.swift; path = PendingCommand.swift; sourceTree = "<group>"; };
		0AFDC88F1FE4D3CC5C16FBA1 /* Sirious.xcconfig */ = {isa = PBXFileReference; lastKnownFileType = text.xcconfig; path = Sirious.xcconfig; sourceTree = "<group>"; };
		0EECB5309F1BD26568BD1989 /* SiriousTests.xctest */ = {isa = PBXFileReference; explicitFileType = wrapper.cfbundle; includeInIndex = 0; path = SiriousTests.xctest; sourceTree = BUILT_PRODUCTS_DIR; };
		0F75A68D6FF541076392CE47 /* RuntimeIssueStoreTests.swift */ = {isa = PBXFileReference; lastKnownFileType = sourcecode.swift; path = RuntimeIssueStoreTests.swift; sourceTree = "<group>"; };
		12033D743AA63617DB2BDF13 /* ServiceCommandPatterns.swift */ = {isa = PBXFileReference; lastKnownFileType = sourcecode.swift; path = ServiceCommandPatterns.swift; sourceTree = "<group>"; };
		13F1634F0993DB7160D620AA /* SiriousRuntimeTests.swift */ = {isa = PBXFileReference; lastKnownFileType = sourcecode.swift; path = SiriousRuntimeTests.swift; sourceTree = "<group>"; };
		14215BF76E17A6633AC975DF /* CommandExecutionDispatcherTests.swift */ = {isa = PBXFileReference; lastKnownFileType = sourcecode.swift; path = CommandExecutionDispatcherTests.swift; sourceTree = "<group>"; };
		162110AD8307759C8420ADCA /* AppleSpeechAudioFileTranscriptSourceTests.swift */ = {isa = PBXFileReference; lastKnownFileType = sourcecode.swift; path = AppleSpeechAudioFileTranscriptSourceTests.swift; sourceTree = "<group>"; };
		17E2C4728C5F48A7751164F4 /* FocusedControlProviding.swift */ = {isa = PBXFileReference; lastKnownFileType = sourcecode.swift; path = FocusedControlProviding.swift; sourceTree = "<group>"; };
		19F29D22576FD82326A5026A /* Sirious.app */ = {isa = PBXFileReference; explicitFileType = wrapper.application; includeInIndex = 0; path = Sirious.app; sourceTree = BUILT_PRODUCTS_DIR; };
		1A885F28380DE16550CD5B98 /* WindowCommandExecutor.swift */ = {isa = PBXFileReference; lastKnownFileType = sourcecode.swift; path = WindowCommandExecutor.swift; sourceTree = "<group>"; };
		1BDE7311B1C7FF3759B8546A /* RoutingModeProviding.swift */ = {isa = PBXFileReference; lastKnownFileType = sourcecode.swift; path = RoutingModeProviding.swift; sourceTree = "<group>"; };
		1DA0360B18CA6166310C8A3F /* TranscriptSpanStabilizer.swift */ = {isa = PBXFileReference; lastKnownFileType = sourcecode.swift; path = TranscriptSpanStabilizer.swift; sourceTree = "<group>"; };
		1E32B7AF7E35616EB4565C29 /* CommandTarget.swift */ = {isa = PBXFileReference; lastKnownFileType = sourcecode.swift; path = CommandTarget.swift; sourceTree = "<group>"; };
		1EC8789017EFD204AFA940AF /* WorkspaceStateProviding.swift */ = {isa = PBXFileReference; lastKnownFileType = sourcecode.swift; path = WorkspaceStateProviding.swift; sourceTree = "<group>"; };
		212AEC0F6B5C299D4049BBE7 /* CommandExecutionDispatcher.swift */ = {isa = PBXFileReference; lastKnownFileType = sourcecode.swift; path = CommandExecutionDispatcher.swift; sourceTree = "<group>"; };
		23FFEC24EC3EC6F4F85C52B3 /* HomeDirectoryAccessState.swift */ = {isa = PBXFileReference; lastKnownFileType = sourcecode.swift; path = HomeDirectoryAccessState.swift; sourceTree = "<group>"; };
		269C598181BE831F823D4EA7 /* AppleSpeechAudioFileTranscriptSource.swift */ = {isa = PBXFileReference; lastKnownFileType = sourcecode.swift; path = AppleSpeechAudioFileTranscriptSource.swift; sourceTree = "<group>"; };
		281872B3C5288D7329D40535 /* OptionKeyActivationMonitorTests.swift */ = {isa = PBXFileReference; lastKnownFileType = sourcecode.swift; path = OptionKeyActivationMonitorTests.swift; sourceTree = "<group>"; };
		2875F35C0FE138C8A47182C5 /* MediaCommandExecutor.swift */ = {isa = PBXFileReference; lastKnownFileType = sourcecode.swift; path = MediaCommandExecutor.swift; sourceTree = "<group>"; };
		287D0A94B24438C530B0C39B /* FirstStageNormalizationAndFallbackTests.swift */ = {isa = PBXFileReference; lastKnownFileType = sourcecode.swift; path = FirstStageNormalizationAndFallbackTests.swift; sourceTree = "<group>"; };
		291692174DB8FA310F6D8272 /* SystemContextSnapshot.swift */ = {isa = PBXFileReference; lastKnownFileType = sourcecode.swift; path = SystemContextSnapshot.swift; sourceTree = "<group>"; };
		333E9B9AC52B4D4FC419117F /* TextEntrySessionState.swift */ = {isa = PBXFileReference; lastKnownFileType = sourcecode.swift; path = TextEntrySessionState.swift; sourceTree = "<group>"; };
		3413676491CAB35A1A297A97 /* DictionaryCommandPatterns.swift */ = {isa = PBXFileReference; lastKnownFileType = sourcecode.swift; path = DictionaryCommandPatterns.swift; sourceTree = "<group>"; };
		34551AF675C0A18E447AEB8D /* StreamingReadiness.swift */ = {isa = PBXFileReference; lastKnownFileType = sourcecode.swift; path = StreamingReadiness.swift; sourceTree = "<group>"; };
		34655C94BCA8FC645CA13F5F /* SystemCommandCatalogStore.swift */ = {isa = PBXFileReference; lastKnownFileType = sourcecode.swift; path = SystemCommandCatalogStore.swift; sourceTree = "<group>"; };
		35CAA83A0445A76839B6BF09 /* TranscriptEvent.swift */ = {isa = PBXFileReference; lastKnownFileType = sourcecode.swift; path = TranscriptEvent.swift; sourceTree = "<group>"; };
		362776E34AF8661B75AE6E84 /* FocusedControlSnapshot.swift */ = {isa = PBXFileReference; lastKnownFileType = sourcecode.swift; path = FocusedControlSnapshot.swift; sourceTree = "<group>"; };
		39BCE444D879C99F246CFB08 /* InstalledApplicationProvider.swift */ = {isa = PBXFileReference; lastKnownFileType = sourcecode.swift; path = InstalledApplicationProvider.swift; sourceTree = "<group>"; };
		3AC6DAE565E0E66BA3F13C20 /* SiriousRuntime.swift */ = {isa = PBXFileReference; lastKnownFileType = sourcecode.swift; path = SiriousRuntime.swift; sourceTree = "<group>"; };
		40EACC58DBF817A1563ED62B /* FocusedControlContextTests.swift */ = {isa = PBXFileReference; lastKnownFileType = sourcecode.swift; path = FocusedControlContextTests.swift; sourceTree = "<group>"; };
		42B10A25AD6AB1EBC720AC72 /* SystemServiceCatalogProvider.swift */ = {isa = PBXFileReference; lastKnownFileType = sourcecode.swift; path = SystemServiceCatalogProvider.swift; sourceTree = "<group>"; };
		42B21CE25C80990889763EA0 /* FirstStageContextResolverTests.swift */ = {isa = PBXFileReference; lastKnownFileType = sourcecode.swift; path = FirstStageContextResolverTests.swift; sourceTree = "<group>"; };
		43560F72CDBA2EA76A53C277 /* AppleSpeechAudioFixtureManifestTests.swift */ = {isa = PBXFileReference; lastKnownFileType = sourcecode.swift; path = AppleSpeechAudioFixtureManifestTests.swift; sourceTree = "<group>"; };
		4481676FD41873D267A2F3C7 /* PauseBeforeExitDictation.swift */ = {isa = PBXFileReference; lastKnownFileType = sourcecode.swift; path = PauseBeforeExitDictation.swift; sourceTree = "<group>"; };
		45D34ABC24209B1B3846F3F8 /* WakePhraseRecognizer.swift */ = {isa = PBXFileReference; lastKnownFileType = sourcecode.swift; path = WakePhraseRecognizer.swift; sourceTree = "<group>"; };
		4BA5491A94A2B4AC49741425 /* SpotlightAppSearchProvider.swift */ = {isa = PBXFileReference; lastKnownFileType = sourcecode.swift; path = SpotlightAppSearchProvider.swift; sourceTree = "<group>"; };
		4DD7E262EF07909BE05DD6A9 /* WindowTargetResolver.swift */ = {isa = PBXFileReference; lastKnownFileType = sourcecode.swift; path = WindowTargetResolver.swift; sourceTree = "<group>"; };
		4F760D8782A6B29A2E32754B /* SiriousUITests.swift */ = {isa = PBXFileReference; lastKnownFileType = sourcecode.swift; path = SiriousUITests.swift; sourceTree = "<group>"; };
		5352FD80637F096E940491CE /* DebugView.swift */ = {isa = PBXFileReference; lastKnownFileType = sourcecode.swift; path = DebugView.swift; sourceTree = "<group>"; };
		56CC2D673BB638E3C5604037 /* AXFocusedControlSnapshotReader.swift */ = {isa = PBXFileReference; lastKnownFileType = sourcecode.swift; path = AXFocusedControlSnapshotReader.swift; sourceTree = "<group>"; };
		5A47C331DC612DB0514F233B /* AccessibilityPermissionState.swift */ = {isa = PBXFileReference; lastKnownFileType = sourcecode.swift; path = AccessibilityPermissionState.swift; sourceTree = "<group>"; };
		5A5BBCEF49329C2CFF815316 /* SettingsView.swift */ = {isa = PBXFileReference; lastKnownFileType = sourcecode.swift; path = SettingsView.swift; sourceTree = "<group>"; };
		5BA62AC9B866BCC81D86D71E /* CommandExecutionRequestResolverTests.swift */ = {isa = PBXFileReference; lastKnownFileType = sourcecode.swift; path = CommandExecutionRequestResolverTests.swift; sourceTree = "<group>"; };
		5BF4E63D2E0BE00322E86CB8 /* AppleSpeechAudioFileRecognitionIntegrationTests.swift */ = {isa = PBXFileReference; lastKnownFileType = sourcecode.swift; path = AppleSpeechAudioFileRecognitionIntegrationTests.swift; sourceTree = "<group>"; };
		5CBD4EBE52C0BFB14673B01E /* CommandCenterView.swift */ = {isa = PBXFileReference; lastKnownFileType = sourcecode.swift; path = CommandCenterView.swift; sourceTree = "<group>"; };
		601B712F4A4F30B8E987A12C /* PatternCommandRouter.swift */ = {isa = PBXFileReference; lastKnownFileType = sourcecode.swift; path = PatternCommandRouter.swift; sourceTree = "<group>"; };
		651F0FD88128DF3A97143425 /* TranscriptStability.swift */ = {isa = PBXFileReference; lastKnownFileType = sourcecode.swift; path = TranscriptStability.swift; sourceTree = "<group>"; };
		6DB5E57A53EA757180BFAA70 /* TextEditRealAppScenarioTests.swift */ = {isa = PBXFileReference; lastKnownFileType = sourcecode.swift; path = TextEditRealAppScenarioTests.swift; sourceTree = "<group>"; };
		6E1B748F913BB9BC0AF5E0A2 /* TranscriptEventSource.swift */ = {isa = PBXFileReference; lastKnownFileType = sourcecode.swift; path = TranscriptEventSource.swift; sourceTree = "<group>"; };
		6ECC7318FCFCBFE73A48DDD6 /* ApplicationExecutionClient.swift */ = {isa = PBXFileReference; lastKnownFileType = sourcecode.swift; path = ApplicationExecutionClient.swift; sourceTree = "<group>"; };
		6F25AD60A1982BAEEEC94A25 /* AlwaysOnTopWindowModifier.swift */ = {isa = PBXFileReference; lastKnownFileType = sourcecode.swift; path = AlwaysOnTopWindowModifier.swift; sourceTree = "<group>"; };
		7207EAA2218348C58425A35D /* AccessibilityFocusedControlObserver.swift */ = {isa = PBXFileReference; lastKnownFileType = sourcecode.swift; path = AccessibilityFocusedControlObserver.swift; sourceTree = "<group>"; };
		75531DC07DBDBE6BAD7A015C /* RouteDecisionView.swift */ = {isa = PBXFileReference; lastKnownFileType = sourcecode.swift; path = RouteDecisionView.swift; sourceTree = "<group>"; };
		7856D9111A3D181863E897DA /* MediaCommandPatterns.swift */ = {isa = PBXFileReference; lastKnownFileType = sourcecode.swift; path = MediaCommandPatterns.swift; sourceTree = "<group>"; };
		78582FB20AA8FBC0EF5ED805 /* WorkspaceStateStore.swift */ = {isa = PBXFileReference; lastKnownFileType = sourcecode.swift; path = WorkspaceStateStore.swift; sourceTree = "<group>"; };
		790864528DEDE51E0C382016 /* CommandToken.swift */ = {isa = PBXFileReference; lastKnownFileType = sourcecode.swift; path = CommandToken.swift; sourceTree = "<group>"; };
		7A96274832B840ACCFF30E5A /* AccessibilityPermissionClient.swift */ = {isa = PBXFileReference; lastKnownFileType = sourcecode.swift; path = AccessibilityPermissionClient.swift; sourceTree = "<group>"; };
		7D36C39DCA6C35867BA83450 /* NormalizedCommand.swift */ = {isa = PBXFileReference; lastKnownFileType = sourcecode.swift; path = NormalizedCommand.swift; sourceTree = "<group>"; };
		7E381EC784DDB76D9F9A34D0 /* AppCommandExecutor.swift */ = {isa = PBXFileReference; lastKnownFileType = sourcecode.swift; path = AppCommandExecutor.swift; sourceTree = "<group>"; };
		7F55612E30D262DD149B1057 /* AppCommandPatterns.swift */ = {isa = PBXFileReference; lastKnownFileType = sourcecode.swift; path = AppCommandPatterns.swift; sourceTree = "<group>"; };
		83A1C5889D573F3D30401B60 /* TranscriptionActivationPolicy.swift */ = {isa = PBXFileReference; lastKnownFileType = sourcecode.swift; path = TranscriptionActivationPolicy.swift; sourceTree = "<group>"; };
		8659701C6DB0F77684423809 /* SystemContextProviding.swift */ = {isa = PBXFileReference; lastKnownFileType = sourcecode.swift; path = SystemContextProviding.swift; sourceTree = "<group>"; };
		86C5FB12D932C7F81D90F74C /* FocusedControlAXMapping.swift */ = {isa = PBXFileReference; lastKnownFileType = sourcecode.swift; path = FocusedControlAXMapping.swift; sourceTree = "<group>"; };
		876A188D0D863DBF4B79B06C /* RiskAndContextGateTests.swift */ = {isa = PBXFileReference; lastKnownFileType = sourcecode.swift; path = RiskAndContextGateTests.swift; sourceTree = "<group>"; };
		88E685824530507F32B73B2E /* OptionKeyActivationMonitor.swift */ = {isa = PBXFileReference; lastKnownFileType = sourcecode.swift; path = OptionKeyActivationMonitor.swift; sourceTree = "<group>"; };
		8BE379CC214DEC3D184F0936 /* FirstStageTextRoutingTests.swift */ = {isa = PBXFileReference; lastKnownFileType = sourcecode.swift; path = FirstStageTextRoutingTests.swift; sourceTree = "<group>"; };
		92A292D79B17CF1EDD155535 /* App.swift */ = {isa = PBXFileReference; lastKnownFileType = sourcecode.swift; path = App.swift; sourceTree = "<group>"; };
		946A3334258A628FE8C767EF /* WindowCommandPatterns.swift */ = {isa = PBXFileReference; lastKnownFileType = sourcecode.swift; path = WindowCommandPatterns.swift; sourceTree = "<group>"; };
		983BBF4792F0DA5509965723 /* SecurityScopedHomeDirectoryAccessService.swift */ = {isa = PBXFileReference; lastKnownFileType = sourcecode.swift; path = SecurityScopedHomeDirectoryAccessService.swift; sourceTree = "<group>"; };
		A028A1B23C7956A50665315F /* FirstStageDictionaryRoutingTests.swift */ = {isa = PBXFileReference; lastKnownFileType = sourcecode.swift; path = FirstStageDictionaryRoutingTests.swift; sourceTree = "<group>"; };
		A582E2176F43276123E20B2A /* CommandComplexity.swift */ = {isa = PBXFileReference; lastKnownFileType = sourcecode.swift; path = CommandComplexity.swift; sourceTree = "<group>"; };
		A858746B64A185F645A070A6 /* SiriousUITests.xctest */ = {isa = PBXFileReference; explicitFileType = wrapper.cfbundle; includeInIndex = 0; path = SiriousUITests.xctest; sourceTree = BUILT_PRODUCTS_DIR; };
		AA288069DE0BBA3CCFF577B6 /* InstalledApplicationResolverTests.swift */ = {isa = PBXFileReference; lastKnownFileType = sourcecode.swift; path = InstalledApplicationResolverTests.swift; sourceTree = "<group>"; };
		ABD82DDD5D3CDB656996BA9A /* AudioStateProviding.swift */ = {isa = PBXFileReference; lastKnownFileType = sourcecode.swift; path = AudioStateProviding.swift; sourceTree = "<group>"; };
		AD8E901C5407AC4703A24F0A /* ApplicationResolver.swift */ = {isa = PBXFileReference; lastKnownFileType = sourcecode.swift; path = ApplicationResolver.swift; sourceTree = "<group>"; };
		AE363D7A7D65FEB09108B6DC /* AppleSpeechTranscriptSource.swift */ = {isa = PBXFileReference; lastKnownFileType = sourcecode.swift; path = AppleSpeechTranscriptSource.swift; sourceTree = "<group>"; };
		AF4921E05DB2A2857989A7CE /* RealAppScenarioSupport.swift */ = {isa = PBXFileReference; lastKnownFileType = sourcecode.swift; path = RealAppScenarioSupport.swift; sourceTree = "<group>"; };
		AF7910EC6772BABC35F0EE68 /* RouteModels.swift */ = {isa = PBXFileReference; lastKnownFileType = sourcecode.swift; path = RouteModels.swift; sourceTree = "<group>"; };
		B1002FF2227CD2B83D1C57EC /* TextCommandPatterns.swift */ = {isa = PBXFileReference; lastKnownFileType = sourcecode.swift; path = TextCommandPatterns.swift; sourceTree = "<group>"; };
		B14750F7FE0195F9CDBDCBB6 /* AccessibilityPermissionProviding.swift */ = {isa = PBXFileReference; lastKnownFileType = sourcecode.swift; path = AccessibilityPermissionProviding.swift; sourceTree = "<group>"; };
		B54A7393D86AF7BB9BF5AF29 /* FirstStageAppWindowRoutingTests.swift */ = {isa = PBXFileReference; lastKnownFileType = sourcecode.swift; path = FirstStageAppWindowRoutingTests.swift; sourceTree = "<group>"; };
		B6A97FF1725B12BF14B040F6 /* MPNowPlayingAudioStateProvider.swift */ = {isa = PBXFileReference; lastKnownFileType = sourcecode.swift; path = MPNowPlayingAudioStateProvider.swift; sourceTree = "<group>"; };
		B88467FAB03647417E8DFD44 /* TextEntrySessionStoreTests.swift */ = {isa = PBXFileReference; lastKnownFileType = sourcecode.swift; path = TextEntrySessionStoreTests.swift; sourceTree = "<group>"; };
		B8EA67D9801A1BF625CB20F1 /* StaticSystemContextProvider.swift */ = {isa = PBXFileReference; lastKnownFileType = sourcecode.swift; path = StaticSystemContextProvider.swift; sourceTree = "<group>"; };
		B92B42F8B22ED5FEB646DB3C /* SystemCommandCatalog.swift */ = {isa = PBXFileReference; lastKnownFileType = sourcecode.swift; path = SystemCommandCatalog.swift; sourceTree = "<group>"; };
		BF632DE15C3368A00F28A886 /* TranscriptionRuntimeState.swift */ = {isa = PBXFileReference; lastKnownFileType = sourcecode.swift; path = TranscriptionRuntimeState.swift; sourceTree = "<group>"; };
		C4C3F4C28FBAE9F3A38B521B /* HomeDirectoryAccessStateTests.swift */ = {isa = PBXFileReference; lastKnownFileType = sourcecode.swift; path = HomeDirectoryAccessStateTests.swift; sourceTree = "<group>"; };
		C646C3FE97B248BE42458E1E /* LiveSystemContextProvider.swift */ = {isa = PBXFileReference; lastKnownFileType = sourcecode.swift; path = LiveSystemContextProvider.swift; sourceTree = "<group>"; };
		C81A7629B0E6A04787F8C0A0 /* AppCommandExecutorTests.swift */ = {isa = PBXFileReference; lastKnownFileType = sourcecode.swift; path = AppCommandExecutorTests.swift; sourceTree = "<group>"; };
		C864F5CDBCF47104400EFAE8 /* RoutingModeContextTests.swift */ = {isa = PBXFileReference; lastKnownFileType = sourcecode.swift; path = RoutingModeContextTests.swift; sourceTree = "<group>"; };
		C86D8C436A675858E635E570 /* CommandExecution.swift */ = {isa = PBXFileReference; lastKnownFileType = sourcecode.swift; path = CommandExecution.swift; sourceTree = "<group>"; };
		C8A7A756E6819E080DE1B5C1 /* LoggingCommandExecutors.swift */ = {isa = PBXFileReference; lastKnownFileType = sourcecode.swift; path = LoggingCommandExecutors.swift; sourceTree = "<group>"; };
		C8C284E9C7D544EB077C57B8 /* PendingCommandStore.swift */ = {isa = PBXFileReference; lastKnownFileType = sourcecode.swift; path = PendingCommandStore.swift; sourceTree = "<group>"; };
		C90148173640BEF7E4606F92 /* RoutingMode.swift */ = {isa = PBXFileReference; lastKnownFileType = sourcecode.swift; path = RoutingMode.swift; sourceTree = "<group>"; };
		CB13480D223904B499060129 /* RiskAndContextGate.swift */ = {isa = PBXFileReference; lastKnownFileType = sourcecode.swift; path = RiskAndContextGate.swift; sourceTree = "<group>"; };
		D0D219336B9F52D770ACB0CD /* RoutingMode+MenuBar.swift */ = {isa = PBXFileReference; lastKnownFileType = sourcecode.swift; path = "RoutingMode+MenuBar.swift"; sourceTree = "<group>"; };
		D5E234BBC3AAAF94F9508106 /* LoginItemState.swift */ = {isa = PBXFileReference; lastKnownFileType = sourcecode.swift; path = LoginItemState.swift; sourceTree = "<group>"; };
		D6213A265A710D4193A9EB1C /* ApplicationSnapshot.swift */ = {isa = PBXFileReference; lastKnownFileType = sourcecode.swift; path = ApplicationSnapshot.swift; sourceTree = "<group>"; };
		D6EDF66BA03B832DC85CE395 /* FirstStageMediaRoutingTests.swift */ = {isa = PBXFileReference; lastKnownFileType = sourcecode.swift; path = FirstStageMediaRoutingTests.swift; sourceTree = "<group>"; };
		D7BCDBBF5D0AE24A355E7FB8 /* CommandNormalizer.swift */ = {isa = PBXFileReference; lastKnownFileType = sourcecode.swift; path = CommandNormalizer.swift; sourceTree = "<group>"; };
		DBB42735BE33AB2C5EEC165E /* AXFocusedControlReader.swift */ = {isa = PBXFileReference; lastKnownFileType = sourcecode.swift; path = AXFocusedControlReader.swift; sourceTree = "<group>"; };
		DBD8E3A8BD8FCCA4B5A1FE43 /* RuntimeIssue.swift */ = {isa = PBXFileReference; lastKnownFileType = sourcecode.swift; path = RuntimeIssue.swift; sourceTree = "<group>"; };
		DC77FA0E320BE0AA59B7CC17 /* SystemCommandCatalogTests.swift */ = {isa = PBXFileReference; lastKnownFileType = sourcecode.swift; path = SystemCommandCatalogTests.swift; sourceTree = "<group>"; };
		DD6DCBF7F828816D64EAD66E /* FirstStageSystemServiceRoutingTests.swift */ = {isa = PBXFileReference; lastKnownFileType = sourcecode.swift; path = FirstStageSystemServiceRoutingTests.swift; sourceTree = "<group>"; };
		DEB8BC6C6D119281537D52C8 /* TranscriptSource.swift */ = {isa = PBXFileReference; lastKnownFileType = sourcecode.swift; path = TranscriptSource.swift; sourceTree = "<group>"; };
		E05E138F193219DA51029322 /* PendingCommandStoreTests.swift */ = {isa = PBXFileReference; lastKnownFileType = sourcecode.swift; path = PendingCommandStoreTests.swift; sourceTree = "<group>"; };
		E35B438379BC5A4B1A9A3E2A /* StreamingRouteClassifier.swift */ = {isa = PBXFileReference; lastKnownFileType = sourcecode.swift; path = StreamingRouteClassifier.swift; sourceTree = "<group>"; };
		E4410EA38B83FDAD99CF8966 /* MenuBarWindow.swift */ = {isa = PBXFileReference; lastKnownFileType = sourcecode.swift; path = MenuBarWindow.swift; sourceTree = "<group>"; };
		E7C0893178AF969E824CAE01 /* RuntimeIssueStore.swift */ = {isa = PBXFileReference; lastKnownFileType = sourcecode.swift; path = RuntimeIssueStore.swift; sourceTree = "<group>"; };
		E89E3B4176377A1619E1285C /* WorkspaceSnapshot.swift */ = {isa = PBXFileReference; lastKnownFileType = sourcecode.swift; path = WorkspaceSnapshot.swift; sourceTree = "<group>"; };
		F00D0CD50E437AA7F923C8C5 /* RealAppScenarioSupportTests.swift */ = {isa = PBXFileReference; lastKnownFileType = sourcecode.swift; path = RealAppScenarioSupportTests.swift; sourceTree = "<group>"; };
		F2C31AE6FEE71D6568492925 /* ShortcutCatalogProvider.swift */ = {isa = PBXFileReference; lastKnownFileType = sourcecode.swift; path = ShortcutCatalogProvider.swift; sourceTree = "<group>"; };
		F7C2F02651E753A83ACD4080 /* DictionaryCommandExecutor.swift */ = {isa = PBXFileReference; lastKnownFileType = sourcecode.swift; path = DictionaryCommandExecutor.swift; sourceTree = "<group>"; };
		FB4F9D0CEB18279D1874CB15 /* TextCommandExecutor.swift */ = {isa = PBXFileReference; lastKnownFileType = sourcecode.swift; path = TextCommandExecutor.swift; sourceTree = "<group>"; };
		FBA94681BB3770374ED64F0E /* InstalledApplicationCandidate.swift */ = {isa = PBXFileReference; lastKnownFileType = sourcecode.swift; path = InstalledApplicationCandidate.swift; sourceTree = "<group>"; };
		FBE3154AE953EB685AFF881C /* AccessibilityPermissionStatus.swift */ = {isa = PBXFileReference; lastKnownFileType = sourcecode.swift; path = AccessibilityPermissionStatus.swift; sourceTree = "<group>"; };
		FC55531CCB7712F4DEDAA817 /* CommandExecutionRequestResolver.swift */ = {isa = PBXFileReference; lastKnownFileType = sourcecode.swift; path = CommandExecutionRequestResolver.swift; sourceTree = "<group>"; };
		FE43149B39A9B532E8147A2E /* TextEntrySessionStore.swift */ = {isa = PBXFileReference; lastKnownFileType = sourcecode.swift; path = TextEntrySessionStore.swift; sourceTree = "<group>"; };
		FE6AB65CFC7AF546C832ABE5 /* FirstStageRouteClassifier.swift */ = {isa = PBXFileReference; lastKnownFileType = sourcecode.swift; path = FirstStageRouteClassifier.swift; sourceTree = "<group>"; };
		FFFB4F379B6EF6D4C1A363E3 /* AudioPlaybackSnapshot.swift */ = {isa = PBXFileReference; lastKnownFileType = sourcecode.swift; path = AudioPlaybackSnapshot.swift; sourceTree = "<group>"; };
/* End PBXFileReference section */

/* Begin PBXGroup section */
		08D54D58C9334968CE6A5F00 /* SiriousTests */ = {
			isa = PBXGroup;
			children = (
				C81A7629B0E6A04787F8C0A0 /* AppCommandExecutorTests.swift */,
				5BF4E63D2E0BE00322E86CB8 /* AppleSpeechAudioFileRecognitionIntegrationTests.swift */,
				162110AD8307759C8420ADCA /* AppleSpeechAudioFileTranscriptSourceTests.swift */,
				43560F72CDBA2EA76A53C277 /* AppleSpeechAudioFixtureManifestTests.swift */,
				14215BF76E17A6633AC975DF /* CommandExecutionDispatcherTests.swift */,
				5BA62AC9B866BCC81D86D71E /* CommandExecutionRequestResolverTests.swift */,
				B54A7393D86AF7BB9BF5AF29 /* FirstStageAppWindowRoutingTests.swift */,
				42B21CE25C80990889763EA0 /* FirstStageContextResolverTests.swift */,
				A028A1B23C7956A50665315F /* FirstStageDictionaryRoutingTests.swift */,
				D6EDF66BA03B832DC85CE395 /* FirstStageMediaRoutingTests.swift */,
				287D0A94B24438C530B0C39B /* FirstStageNormalizationAndFallbackTests.swift */,
				DD6DCBF7F828816D64EAD66E /* FirstStageSystemServiceRoutingTests.swift */,
				8BE379CC214DEC3D184F0936 /* FirstStageTextRoutingTests.swift */,
				40EACC58DBF817A1563ED62B /* FocusedControlContextTests.swift */,
				C4C3F4C28FBAE9F3A38B521B /* HomeDirectoryAccessStateTests.swift */,
				AA288069DE0BBA3CCFF577B6 /* InstalledApplicationResolverTests.swift */,
				0729A3D254A1394BD8E3B2C7 /* LoginItemStateTests.swift */,
				281872B3C5288D7329D40535 /* OptionKeyActivationMonitorTests.swift */,
				074A953F40F3FF4973ABA035 /* PasteboardSnapshotTests.swift */,
				E05E138F193219DA51029322 /* PendingCommandStoreTests.swift */,
				AF4921E05DB2A2857989A7CE /* RealAppScenarioSupport.swift */,
				F00D0CD50E437AA7F923C8C5 /* RealAppScenarioSupportTests.swift */,
				876A188D0D863DBF4B79B06C /* RiskAndContextGateTests.swift */,
				C864F5CDBCF47104400EFAE8 /* RoutingModeContextTests.swift */,
				0F75A68D6FF541076392CE47 /* RuntimeIssueStoreTests.swift */,
				13F1634F0993DB7160D620AA /* SiriousRuntimeTests.swift */,
				DC77FA0E320BE0AA59B7CC17 /* SystemCommandCatalogTests.swift */,
				6DB5E57A53EA757180BFAA70 /* TextEditRealAppScenarioTests.swift */,
				B88467FAB03647417E8DFD44 /* TextEntrySessionStoreTests.swift */,
			);
			name = SiriousTests;
			path = SiriousTests;
			sourceTree = "<group>";
		};
		10C851072D56B6575591A5E9 /* RuntimeIssues */ = {
			isa = PBXGroup;
			children = (
				DBD8E3A8BD8FCCA4B5A1FE43 /* RuntimeIssue.swift */,
				E7C0893178AF969E824CAE01 /* RuntimeIssueStore.swift */,
			);
			path = RuntimeIssues;
			sourceTree = "<group>";
		};
		131C4C0EEE6F51088CE4748A /* Streaming */ = {
			isa = PBXGroup;
			children = (
				269C598181BE831F823D4EA7 /* AppleSpeechAudioFileTranscriptSource.swift */,
				AE363D7A7D65FEB09108B6DC /* AppleSpeechTranscriptSource.swift */,
				88E685824530507F32B73B2E /* OptionKeyActivationMonitor.swift */,
				34551AF675C0A18E447AEB8D /* StreamingReadiness.swift */,
				E35B438379BC5A4B1A9A3E2A /* StreamingRouteClassifier.swift */,
				35CAA83A0445A76839B6BF09 /* TranscriptEvent.swift */,
				6E1B748F913BB9BC0AF5E0A2 /* TranscriptEventSource.swift */,
				83A1C5889D573F3D30401B60 /* TranscriptionActivationPolicy.swift */,
				BF632DE15C3368A00F28A886 /* TranscriptionRuntimeState.swift */,
				DEB8BC6C6D119281537D52C8 /* TranscriptSource.swift */,
				1DA0360B18CA6166310C8A3F /* TranscriptSpanStabilizer.swift */,
				651F0FD88128DF3A97143425 /* TranscriptStability.swift */,
				45D34ABC24209B1B3846F3F8 /* WakePhraseRecognizer.swift */,
			);
			path = Streaming;
			sourceTree = "<group>";
		};
		1671B8E0008788E670A1AA6D /* Products */ = {
			isa = PBXGroup;
			children = (
				19F29D22576FD82326A5026A /* Sirious.app */,
				0EECB5309F1BD26568BD1989 /* SiriousTests.xctest */,
				A858746B64A185F645A070A6 /* SiriousUITests.xctest */,
			);
			name = Products;
			sourceTree = "<group>";
		};
		17A2C7DDB9F78ECCCAD57A6D /* Permissions */ = {
			isa = PBXGroup;
			children = (
				7D5A67C64C822E09C58D42E4 /* Permissions */,
			);
			name = Permissions;
			sourceTree = "<group>";
		};
		1B4EF47FDE47F5DBE19012EB /* Services */ = {
			isa = PBXGroup;
			children = (
				42B10A25AD6AB1EBC720AC72 /* SystemServiceCatalogProvider.swift */,
			);
			path = Services;
			sourceTree = "<group>";
		};
		2289C5578D44AA11F9D865AD /* App */ = {
			isa = PBXGroup;
			children = (
				8A64DF0C40091075233CC565 /* App */,
			);
			name = App;
			sourceTree = "<group>";
		};
		2E67BE6B59361C660BFD951D /* Routing */ = {
			isa = PBXGroup;
			children = (
				952CFF7C58E73DAA0E1CFE89 /* Routing */,
			);
			name = Routing;
			sourceTree = "<group>";
		};
		608B049B6F576F709EDD8BB5 /* UI Tests */ = {
			isa = PBXGroup;
			children = (
				90A126B967E241856A997C00 /* SiriousUITests */,
			);
			name = "UI Tests";
			sourceTree = "<group>";
		};
		702E9622F33424786D055805 /* Config */ = {
			isa = PBXGroup;
			children = (
				0AFDC88F1FE4D3CC5C16FBA1 /* Sirious.xcconfig */,
			);
			path = Config;
			sourceTree = "<group>";
		};
		71BF773DEB9D4BA812C19A52 /* Normalization */ = {
			isa = PBXGroup;
			children = (
				D7BCDBBF5D0AE24A355E7FB8 /* CommandNormalizer.swift */,
				790864528DEDE51E0C382016 /* CommandToken.swift */,
				7D36C39DCA6C35867BA83450 /* NormalizedCommand.swift */,
			);
			path = Normalization;
			sourceTree = "<group>";
		};
		7D5A67C64C822E09C58D42E4 /* Permissions */ = {
			isa = PBXGroup;
			children = (
				7A96274832B840ACCFF30E5A /* AccessibilityPermissionClient.swift */,
				B14750F7FE0195F9CDBDCBB6 /* AccessibilityPermissionProviding.swift */,
				5A47C331DC612DB0514F233B /* AccessibilityPermissionState.swift */,
				FBE3154AE953EB685AFF881C /* AccessibilityPermissionStatus.swift */,
				23FFEC24EC3EC6F4F85C52B3 /* HomeDirectoryAccessState.swift */,
				983BBF4792F0DA5509965723 /* SecurityScopedHomeDirectoryAccessService.swift */,
			);
			name = Permissions;
			path = Sources/Permissions;
			sourceTree = "<group>";
		};
		85E9683697D7BD81F7794EEC /* TextEntry */ = {
			isa = PBXGroup;
			children = (
				4481676FD41873D267A2F3C7 /* PauseBeforeExitDictation.swift */,
				333E9B9AC52B4D4FC419117F /* TextEntrySessionState.swift */,
				FE43149B39A9B532E8147A2E /* TextEntrySessionStore.swift */,
			);
			path = TextEntry;
			sourceTree = "<group>";
		};
		8A64DF0C40091075233CC565 /* App */ = {
			isa = PBXGroup;
			children = (
				6F25AD60A1982BAEEEC94A25 /* AlwaysOnTopWindowModifier.swift */,
				92A292D79B17CF1EDD155535 /* App.swift */,
				076D6E1313CFACB95E4771C6 /* AppWindowID.swift */,
				5CBD4EBE52C0BFB14673B01E /* CommandCenterView.swift */,
				5352FD80637F096E940491CE /* DebugView.swift */,
				D5E234BBC3AAAF94F9508106 /* LoginItemState.swift */,
				E4410EA38B83FDAD99CF8966 /* MenuBarWindow.swift */,
				75531DC07DBDBE6BAD7A015C /* RouteDecisionView.swift */,
				D0D219336B9F52D770ACB0CD /* RoutingMode+MenuBar.swift */,
				5A5BBCEF49329C2CFF815316 /* SettingsView.swift */,
				3AC6DAE565E0E66BA3F13C20 /* SiriousRuntime.swift */,
			);
			name = App;
			path = Sources/App;
			sourceTree = "<group>";
		};
		8FFC2CCE82EF4942844CDC78 /* Shortcuts */ = {
			isa = PBXGroup;
			children = (
				F2C31AE6FEE71D6568492925 /* ShortcutCatalogProvider.swift */,
			);
			path = Shortcuts;
			sourceTree = "<group>";
		};
		90A126B967E241856A997C00 /* SiriousUITests */ = {
			isa = PBXGroup;
			children = (
				4F760D8782A6B29A2E32754B /* SiriousUITests.swift */,
			);
			name = SiriousUITests;
			path = Tests/SiriousUITests;
			sourceTree = "<group>";
		};
		952CFF7C58E73DAA0E1CFE89 /* Routing */ = {
			isa = PBXGroup;
			children = (
				DD7B307D12FC706373AB60B3 /* Classification */,
				C0EA7D68C676023F5E5F8F8A /* Context */,
				E2519CAC876271760D8A8197 /* Execution */,
				71BF773DEB9D4BA812C19A52 /* Normalization */,
				E7B9F8C8968D41D9E5C3D5EC /* Patterns */,
				C8EACEF19BB56CCA736B8337 /* Resolution */,
				10C851072D56B6575591A5E9 /* RuntimeIssues */,
				131C4C0EEE6F51088CE4748A /* Streaming */,
				B1646275C886C816F0E111C0 /* SystemCommands */,
				85E9683697D7BD81F7794EEC /* TextEntry */,
			);
			name = Routing;
			path = Sources/Routing;
			sourceTree = "<group>";
		};
		A8B6E21AE66AA194BE888523 = {
			isa = PBXGroup;
			children = (
				2289C5578D44AA11F9D865AD /* App */,
				702E9622F33424786D055805 /* Config */,
				17A2C7DDB9F78ECCCAD57A6D /* Permissions */,
				2E67BE6B59361C660BFD951D /* Routing */,
				F7BF5FA67B1C53AA8B10E77C /* Tests */,
				608B049B6F576F709EDD8BB5 /* UI Tests */,
				1671B8E0008788E670A1AA6D /* Products */,
			);
			sourceTree = "<group>";
		};
		B1646275C886C816F0E111C0 /* SystemCommands */ = {
			isa = PBXGroup;
			children = (
				003E8B7032F867C7C9885DC2 /* SystemCommandCandidate.swift */,
				B92B42F8B22ED5FEB646DB3C /* SystemCommandCatalog.swift */,
				34655C94BCA8FC645CA13F5F /* SystemCommandCatalogStore.swift */,
				1B4EF47FDE47F5DBE19012EB /* Services */,
				8FFC2CCE82EF4942844CDC78 /* Shortcuts */,
				C4998001F8AF46A1F3971EF3 /* Spotlight */,
			);
			path = SystemCommands;
			sourceTree = "<group>";
		};
		C0EA7D68C676023F5E5F8F8A /* Context */ = {
			isa = PBXGroup;
			children = (
				7207EAA2218348C58425A35D /* AccessibilityFocusedControlObserver.swift */,
				D6213A265A710D4193A9EB1C /* ApplicationSnapshot.swift */,
				FFFB4F379B6EF6D4C1A363E3 /* AudioPlaybackSnapshot.swift */,
				ABD82DDD5D3CDB656996BA9A /* AudioStateProviding.swift */,
				DBB42735BE33AB2C5EEC165E /* AXFocusedControlReader.swift */,
				56CC2D673BB638E3C5604037 /* AXFocusedControlSnapshotReader.swift */,
				86C5FB12D932C7F81D90F74C /* FocusedControlAXMapping.swift */,
				17E2C4728C5F48A7751164F4 /* FocusedControlProviding.swift */,
				362776E34AF8661B75AE6E84 /* FocusedControlSnapshot.swift */,
				C646C3FE97B248BE42458E1E /* LiveSystemContextProvider.swift */,
				B6A97FF1725B12BF14B040F6 /* MPNowPlayingAudioStateProvider.swift */,
				C90148173640BEF7E4606F92 /* RoutingMode.swift */,
				1BDE7311B1C7FF3759B8546A /* RoutingModeProviding.swift */,
				B8EA67D9801A1BF625CB20F1 /* StaticSystemContextProvider.swift */,
				8659701C6DB0F77684423809 /* SystemContextProviding.swift */,
				291692174DB8FA310F6D8272 /* SystemContextSnapshot.swift */,
				E89E3B4176377A1619E1285C /* WorkspaceSnapshot.swift */,
				1EC8789017EFD204AFA940AF /* WorkspaceStateProviding.swift */,
				78582FB20AA8FBC0EF5ED805 /* WorkspaceStateStore.swift */,
			);
			path = Context;
			sourceTree = "<group>";
		};
		C4998001F8AF46A1F3971EF3 /* Spotlight */ = {
			isa = PBXGroup;
			children = (
				4BA5491A94A2B4AC49741425 /* SpotlightAppSearchProvider.swift */,
			);
			path = Spotlight;
			sourceTree = "<group>";
		};
		C8EACEF19BB56CCA736B8337 /* Resolution */ = {
			isa = PBXGroup;
			children = (
				AD8E901C5407AC4703A24F0A /* ApplicationResolver.swift */,
				1E32B7AF7E35616EB4565C29 /* CommandTarget.swift */,
				FBA94681BB3770374ED64F0E /* InstalledApplicationCandidate.swift */,
				39BCE444D879C99F246CFB08 /* InstalledApplicationProvider.swift */,
				4DD7E262EF07909BE05DD6A9 /* WindowTargetResolver.swift */,
			);
			path = Resolution;
			sourceTree = "<group>";
		};
		DD7B307D12FC706373AB60B3 /* Classification */ = {
			isa = PBXGroup;
			children = (
				A582E2176F43276123E20B2A /* CommandComplexity.swift */,
				FE6AB65CFC7AF546C832ABE5 /* FirstStageRouteClassifier.swift */,
				CB13480D223904B499060129 /* RiskAndContextGate.swift */,
				AF7910EC6772BABC35F0EE68 /* RouteModels.swift */,
			);
			path = Classification;
			sourceTree = "<group>";
		};
		E2519CAC876271760D8A8197 /* Execution */ = {
			isa = PBXGroup;
			children = (
				7E381EC784DDB76D9F9A34D0 /* AppCommandExecutor.swift */,
				6ECC7318FCFCBFE73A48DDD6 /* ApplicationExecutionClient.swift */,
				C86D8C436A675858E635E570 /* CommandExecution.swift */,
				212AEC0F6B5C299D4049BBE7 /* CommandExecutionDispatcher.swift */,
				FC55531CCB7712F4DEDAA817 /* CommandExecutionRequestResolver.swift */,
				F7C2F02651E753A83ACD4080 /* DictionaryCommandExecutor.swift */,
				C8A7A756E6819E080DE1B5C1 /* LoggingCommandExecutors.swift */,
				2875F35C0FE138C8A47182C5 /* MediaCommandExecutor.swift */,
				0792FA46662CDC961D841C66 /* PendingCommand.swift */,
				C8C284E9C7D544EB077C57B8 /* PendingCommandStore.swift */,
				0236461484EF793DAC5FF98B /* SystemServiceCommandExecutor.swift */,
				FB4F9D0CEB18279D1874CB15 /* TextCommandExecutor.swift */,
				1A885F28380DE16550CD5B98 /* WindowCommandExecutor.swift */,
			);
			path = Execution;
			sourceTree = "<group>";
		};
		E7B9F8C8968D41D9E5C3D5EC /* Patterns */ = {
			isa = PBXGroup;
			children = (
				7F55612E30D262DD149B1057 /* AppCommandPatterns.swift */,
				3413676491CAB35A1A297A97 /* DictionaryCommandPatterns.swift */,
				7856D9111A3D181863E897DA /* MediaCommandPatterns.swift */,
				601B712F4A4F30B8E987A12C /* PatternCommandRouter.swift */,
				12033D743AA63617DB2BDF13 /* ServiceCommandPatterns.swift */,
				B1002FF2227CD2B83D1C57EC /* TextCommandPatterns.swift */,
				946A3334258A628FE8C767EF /* WindowCommandPatterns.swift */,
			);
			path = Patterns;
			sourceTree = "<group>";
		};
		F7BF5FA67B1C53AA8B10E77C /* Tests */ = {
			isa = PBXGroup;
			children = (
				08D54D58C9334968CE6A5F00 /* SiriousTests */,
			);
			path = Tests;
			sourceTree = "<group>";
		};
/* End PBXGroup section */

/* Begin PBXNativeTarget section */
		817F011D0ED9512A5DABBD66 /* SiriousTests */ = {
			isa = PBXNativeTarget;
			buildConfigurationList = 7794D306B4D671E64A7E83BA /* Build configuration list for PBXNativeTarget "SiriousTests" */;
			buildPhases = (
				9657309F5845F2A303B1BCE8 /* Sources */,
			);
			buildRules = (
			);
			dependencies = (
				927918E740F489C9E47543D9 /* PBXTargetDependency */,
			);
			name = SiriousTests;
			packageProductDependencies = (
			);
			productName = SiriousTests;
			productReference = 0EECB5309F1BD26568BD1989 /* SiriousTests.xctest */;
			productType = "com.apple.product-type.bundle.unit-test";
		};
		90ACFC5E40EA89E225D48F63 /* SiriousUITests */ = {
			isa = PBXNativeTarget;
			buildConfigurationList = 3EC7F1D0C6EBA05B40FDEE6B /* Build configuration list for PBXNativeTarget "SiriousUITests" */;
			buildPhases = (
				DB3607F93C8646A9CD667509 /* Sources */,
			);
			buildRules = (
			);
			dependencies = (
				17A8A02F370BE7D36B7A68B1 /* PBXTargetDependency */,
			);
			name = SiriousUITests;
			packageProductDependencies = (
			);
			productName = SiriousUITests;
			productReference = A858746B64A185F645A070A6 /* SiriousUITests.xctest */;
			productType = "com.apple.product-type.bundle.ui-testing";
		};
		C4B92D384B30AFDB8362F542 /* Sirious */ = {
			isa = PBXNativeTarget;
			buildConfigurationList = 4B8ED482AC45B69555A6BABE /* Build configuration list for PBXNativeTarget "Sirious" */;
			buildPhases = (
				0BC582E550C40FCC01398165 /* Sources */,
			);
			buildRules = (
			);
			dependencies = (
			);
			name = Sirious;
			packageProductDependencies = (
			);
			productName = Sirious;
			productReference = 19F29D22576FD82326A5026A /* Sirious.app */;
			productType = "com.apple.product-type.application";
		};
/* End PBXNativeTarget section */

/* Begin PBXProject section */
		D5BD09856B751B5B7C214BF3 /* Project object */ = {
			isa = PBXProject;
			attributes = {
				BuildIndependentTargetsInParallel = YES;
				LastUpgradeCheck = 1430;
				TargetAttributes = {
					817F011D0ED9512A5DABBD66 = {
						DevelopmentTeam = BC73766F69;
						ProvisioningStyle = Automatic;
					};
					90ACFC5E40EA89E225D48F63 = {
						DevelopmentTeam = BC73766F69;
						ProvisioningStyle = Automatic;
						TestTargetID = C4B92D384B30AFDB8362F542;
					};
					C4B92D384B30AFDB8362F542 = {
						DevelopmentTeam = BC73766F69;
						ProvisioningStyle = Automatic;
					};
				};
			};
			buildConfigurationList = E2EC6FA405869CD972E8D14A /* Build configuration list for PBXProject "Sirious" */;
			developmentRegion = en;
			hasScannedForEncodings = 0;
			knownRegions = (
				Base,
				en,
			);
			mainGroup = A8B6E21AE66AA194BE888523;
			minimizedProjectReferenceProxies = 1;
			preferredProjectObjectVersion = 77;
			productRefGroup = 1671B8E0008788E670A1AA6D /* Products */;
			projectDirPath = "";
			projectRoot = "";
			targets = (
				C4B92D384B30AFDB8362F542 /* Sirious */,
				817F011D0ED9512A5DABBD66 /* SiriousTests */,
				90ACFC5E40EA89E225D48F63 /* SiriousUITests */,
			);
		};
/* End PBXProject section */

/* Begin PBXSourcesBuildPhase section */
		0BC582E550C40FCC01398165 /* Sources */ = {
			isa = PBXSourcesBuildPhase;
			buildActionMask = 2147483647;
			files = (
				3902DA5A4DA333C2874C93E7 /* AXFocusedControlReader.swift in Sources */,
				A1303A94FF827B8B831B54EC /* AXFocusedControlSnapshotReader.swift in Sources */,
				127E92C7C084AF67654AB098 /* AccessibilityFocusedControlObserver.swift in Sources */,
				8EC085E0517ACD0EB7547E46 /* AccessibilityPermissionClient.swift in Sources */,
				702BE55B797EEC17769A7781 /* AccessibilityPermissionProviding.swift in Sources */,
				09EC780F01D5F1FE2ED57043 /* AccessibilityPermissionState.swift in Sources */,
				C168BCEAEFA87B4353FAB752 /* AccessibilityPermissionStatus.swift in Sources */,
				4A3B40B9AD2193BB729B47C3 /* AlwaysOnTopWindowModifier.swift in Sources */,
				34DF60159662D7D047DCBBF0 /* App.swift in Sources */,
				9F7E812F7AC492013860FD26 /* AppCommandExecutor.swift in Sources */,
				404D98C2DC6E48C83FE4A1A5 /* AppCommandPatterns.swift in Sources */,
				F1A6D1E463CEEFB167170751 /* AppWindowID.swift in Sources */,
				E8E18734B69AC56D2EE685D2 /* AppleSpeechAudioFileTranscriptSource.swift in Sources */,
				C98A249EC807DFBB7605C55B /* AppleSpeechTranscriptSource.swift in Sources */,
				056413958A690A5FDFD11562 /* ApplicationExecutionClient.swift in Sources */,
				0B68E9AEF4E63F0B0A2E4A80 /* ApplicationResolver.swift in Sources */,
				0803967027EB68DD017F1445 /* ApplicationSnapshot.swift in Sources */,
				5F44A44679C79B514CFC7801 /* AudioPlaybackSnapshot.swift in Sources */,
				CA0E871BC79B92B10294CA0E /* AudioStateProviding.swift in Sources */,
				4E34D5CB0D601B3CDC02BF1E /* CommandCenterView.swift in Sources */,
				9EAC0DD3373858B219B00E86 /* CommandComplexity.swift in Sources */,
				CDC9F991C89AC1913C3BB606 /* CommandExecution.swift in Sources */,
				DB52C4E116F117ED4C654F72 /* CommandExecutionDispatcher.swift in Sources */,
				0E59962BE7B87A26E7FED9FD /* CommandExecutionRequestResolver.swift in Sources */,
				E2C55FD1DC79CFF78DE2DD7E /* CommandNormalizer.swift in Sources */,
				E7F62D88563803FF9E588A18 /* CommandTarget.swift in Sources */,
				F327516745842436F36F535E /* CommandToken.swift in Sources */,
				98AB79FEBBFAE0D5657FCFC9 /* DebugView.swift in Sources */,
				E998F68EABAF6FCB741E694F /* DictionaryCommandExecutor.swift in Sources */,
				F4FDD4C1E5EEB975DEB7E995 /* DictionaryCommandPatterns.swift in Sources */,
				76B3BE44B3E69513BE6D72DB /* FirstStageRouteClassifier.swift in Sources */,
				365B76022F436CF6D3CD923B /* FocusedControlAXMapping.swift in Sources */,
				BE78B62836A887F959DEEE24 /* FocusedControlProviding.swift in Sources */,
				08162555D45B7F6DA51F3E01 /* FocusedControlSnapshot.swift in Sources */,
				E083F9B477FD3B97D0D8FFD2 /* HomeDirectoryAccessState.swift in Sources */,
				188C565FF6D5248D8D1347DC /* InstalledApplicationCandidate.swift in Sources */,
				E1A8BB2CB7A1876A053105A0 /* InstalledApplicationProvider.swift in Sources */,
				D7B5FB7366544A970C168091 /* LiveSystemContextProvider.swift in Sources */,
				3D1249FC5B1776C20460832E /* LoggingCommandExecutors.swift in Sources */,
				4DBF8FFECBD83AF60203FC1D /* LoginItemState.swift in Sources */,
				F592A53823F7C0938C1CD1D1 /* MPNowPlayingAudioStateProvider.swift in Sources */,
				486FB95998E1308B987A0CE2 /* MediaCommandExecutor.swift in Sources */,
				2B48575E09A2148BD837E5DC /* MediaCommandPatterns.swift in Sources */,
				8B2AAF57F1664ECDEDE60C36 /* MenuBarWindow.swift in Sources */,
				765E21EBF0E2894B5623C0A5 /* NormalizedCommand.swift in Sources */,
				8D0764AEE7A5C5187A38D717 /* OptionKeyActivationMonitor.swift in Sources */,
				EE79534A405C54AC8658DA0F /* PatternCommandRouter.swift in Sources */,
				48A216908586C8DA63011C4C /* PauseBeforeExitDictation.swift in Sources */,
				9095F59313D67BE2AB8A74D0 /* PendingCommand.swift in Sources */,
				95A2CD4F847080F15793DA3D /* PendingCommandStore.swift in Sources */,
				9BC6A608767C75B6CB238DFA /* RiskAndContextGate.swift in Sources */,
				3FFCFEBB5A6A67E1495EA186 /* RouteDecisionView.swift in Sources */,
				DB1747EB7A1F7896761C404C /* RouteModels.swift in Sources */,
				0ADB881A42B7175243279BC3 /* RoutingMode+MenuBar.swift in Sources */,
				1A4930B07DFE71B984524BBB /* RoutingMode.swift in Sources */,
				AD7B58920DB313DAE5D9077E /* RoutingModeProviding.swift in Sources */,
				953DBBEF695938E5CC3924EF /* RuntimeIssue.swift in Sources */,
				99F1AA2EA0278A3C9EF86997 /* RuntimeIssueStore.swift in Sources */,
				03824DDEFAC510D57682E0A7 /* SecurityScopedHomeDirectoryAccessService.swift in Sources */,
				50099EFFB3EE7D840F7A8CC9 /* ServiceCommandPatterns.swift in Sources */,
				72C02699674A1A5490F1CCE0 /* SettingsView.swift in Sources */,
				7215CFBE0A182AE6111A07C0 /* ShortcutCatalogProvider.swift in Sources */,
				44010EA6E178EEB4D8462A89 /* SiriousRuntime.swift in Sources */,
				095FF6502C5A706B5B9DCC9D /* SpotlightAppSearchProvider.swift in Sources */,
				2F852EA391AE14ADD3110E89 /* StaticSystemContextProvider.swift in Sources */,
				7297E14E62A9378C3E0667B7 /* StreamingReadiness.swift in Sources */,
				7F23C9518251EDA440929B03 /* StreamingRouteClassifier.swift in Sources */,
				AF18F03B92BFAC02BC660495 /* SystemCommandCandidate.swift in Sources */,
				6854E210E8979F7E87B013F0 /* SystemCommandCatalog.swift in Sources */,
				503C1750160303D31E21CF8D /* SystemCommandCatalogStore.swift in Sources */,
				A898DEF76D1D29BCD0E8EF50 /* SystemContextProviding.swift in Sources */,
				0D595815A0935251DC86CFA5 /* SystemContextSnapshot.swift in Sources */,
				DE346E3EC3FA61ED88DBBEAE /* SystemServiceCatalogProvider.swift in Sources */,
				2A96D78D33A6F9820F2220A6 /* SystemServiceCommandExecutor.swift in Sources */,
				2160056700C4D8EBDC9C045B /* TextCommandExecutor.swift in Sources */,
				D10AE22E8E44D0202D92A187 /* TextCommandPatterns.swift in Sources */,
				5370E15E36C6FEC55401BBDD /* TextEntrySessionState.swift in Sources */,
				D97737942977DA4211A8CBA4 /* TextEntrySessionStore.swift in Sources */,
				60AB98565AB694F1EA8D79B0 /* TranscriptEvent.swift in Sources */,
				43F81F8B4C7C345F44D33857 /* TranscriptEventSource.swift in Sources */,
				8188CD23E26A064BC4E0178B /* TranscriptSource.swift in Sources */,
				3A0C0F1E82E40B40BC91651D /* TranscriptSpanStabilizer.swift in Sources */,
				28B0A35DABBF66D3FF0FF1BE /* TranscriptStability.swift in Sources */,
				43B363D195DD04BF7EA59A56 /* TranscriptionActivationPolicy.swift in Sources */,
				2DBAA6932EE67378245DB2C4 /* TranscriptionRuntimeState.swift in Sources */,
				0DC6E9A118A79C9EE13CACF5 /* WakePhraseRecognizer.swift in Sources */,
				000C37209510B3952BAFAF8A /* WindowCommandExecutor.swift in Sources */,
				C9B6138F64ECDBF4A3BB0245 /* WindowCommandPatterns.swift in Sources */,
				81647A83B3CE3859E8C8745F /* WindowTargetResolver.swift in Sources */,
				E7EB1A9CF54BE5838C2B4ACD /* WorkspaceSnapshot.swift in Sources */,
				186B2F4188A61F1837AB0663 /* WorkspaceStateProviding.swift in Sources */,
				0DB28D12BFF7B774232C093D /* WorkspaceStateStore.swift in Sources */,
			);
			runOnlyForDeploymentPostprocessing = 0;
		};
		9657309F5845F2A303B1BCE8 /* Sources */ = {
			isa = PBXSourcesBuildPhase;
			buildActionMask = 2147483647;
			files = (
				3E2179CB9ECECB8FB5D6AE6D /* AppCommandExecutorTests.swift in Sources */,
				CAD55E951954CBE84E6ACF2E /* AppleSpeechAudioFileRecognitionIntegrationTests.swift in Sources */,
				0FFB5237F77665C88532B01E /* AppleSpeechAudioFileTranscriptSourceTests.swift in Sources */,
				098CDB9100377D9E39375590 /* AppleSpeechAudioFixtureManifestTests.swift in Sources */,
				365D61CB718CC9F9CF0EA6D8 /* CommandExecutionDispatcherTests.swift in Sources */,
				B94C28C850A93DEFC53BB948 /* CommandExecutionRequestResolverTests.swift in Sources */,
				7BAEFD42BADA77C080573354 /* FirstStageAppWindowRoutingTests.swift in Sources */,
				2707C2AA585F5AFEF3044D17 /* FirstStageContextResolverTests.swift in Sources */,
				67C10C1068431945EBE67930 /* FirstStageDictionaryRoutingTests.swift in Sources */,
				AC1DE693E16BFA1646877B25 /* FirstStageMediaRoutingTests.swift in Sources */,
				3AAFE5F57C34CD31F779ACAB /* FirstStageNormalizationAndFallbackTests.swift in Sources */,
				623B54DD8830B8BC41656F4E /* FirstStageSystemServiceRoutingTests.swift in Sources */,
				A70971CBE44D3F6C80028EE4 /* FirstStageTextRoutingTests.swift in Sources */,
				4933BD4D831E07B912B7F90D /* FocusedControlContextTests.swift in Sources */,
				4ABB56139DD6C016C8399376 /* HomeDirectoryAccessStateTests.swift in Sources */,
				65042A5AA4D0C75E3B4B6CFA /* InstalledApplicationResolverTests.swift in Sources */,
				D9FD2AFA025DFA37E59BB4EC /* LoginItemStateTests.swift in Sources */,
				D94D212F9AC2423CFB5E1391 /* OptionKeyActivationMonitorTests.swift in Sources */,
				D44E8582DD3E02AC472D4F17 /* PasteboardSnapshotTests.swift in Sources */,
				A33F5A97251A2149BFC7FF0F /* PendingCommandStoreTests.swift in Sources */,
				CC99CF1629264479E011D7BD /* RealAppScenarioSupport.swift in Sources */,
				64C7296F0F49A5CCF8127A1F /* RealAppScenarioSupportTests.swift in Sources */,
				8CA5C4EDD9302B89D26A57CD /* RiskAndContextGateTests.swift in Sources */,
				E67750A7E95BF1758335D916 /* RoutingModeContextTests.swift in Sources */,
				C67EFA3CCD3187A66E6E90A1 /* RuntimeIssueStoreTests.swift in Sources */,
				CEF210D1AF46499AB42B3F7E /* SiriousRuntimeTests.swift in Sources */,
				88FF2D487F8241A0D275C587 /* SystemCommandCatalogTests.swift in Sources */,
				5B1FEBCD7143DE259604B8F4 /* TextEditRealAppScenarioTests.swift in Sources */,
				AC6A8B6ADDD22F217EDCBA01 /* TextEntrySessionStoreTests.swift in Sources */,
			);
			runOnlyForDeploymentPostprocessing = 0;
		};
		DB3607F93C8646A9CD667509 /* Sources */ = {
			isa = PBXSourcesBuildPhase;
			buildActionMask = 2147483647;
			files = (
				93B7C1954166B8D78822D889 /* SiriousUITests.swift in Sources */,
			);
			runOnlyForDeploymentPostprocessing = 0;
		};
/* End PBXSourcesBuildPhase section */

/* Begin PBXTargetDependency section */
		17A8A02F370BE7D36B7A68B1 /* PBXTargetDependency */ = {
			isa = PBXTargetDependency;
			target = C4B92D384B30AFDB8362F542 /* Sirious */;
			targetProxy = 04474A14A542D27DC6810DC6 /* PBXContainerItemProxy */;
		};
		927918E740F489C9E47543D9 /* PBXTargetDependency */ = {
			isa = PBXTargetDependency;
			target = C4B92D384B30AFDB8362F542 /* Sirious */;
			targetProxy = E9A6C793706A76B6F4651125 /* PBXContainerItemProxy */;
		};
/* End PBXTargetDependency section */

/* Begin XCBuildConfiguration section */
		38672C1BDE826267F438205E /* Release */ = {
			isa = XCBuildConfiguration;
			baseConfigurationReference = 0AFDC88F1FE4D3CC5C16FBA1 /* Sirious.xcconfig */;
			buildSettings = {
				ASSETCATALOG_COMPILER_APPICON_NAME = AppIcon;
				CODE_SIGN_ENTITLEMENTS = Sources/Support/Sirious.entitlements;
				COMBINE_HIDPI_IMAGES = YES;
				CURRENT_PROJECT_VERSION = 1;
				INFOPLIST_FILE = Sources/Support/Info.plist;
				LD_RUNPATH_SEARCH_PATHS = (
					"$(inherited)",
					"@executable_path/../Frameworks",
				);
				MARKETING_VERSION = 0.0.1;
				PRODUCT_BUNDLE_IDENTIFIER = com.galewilliams.Sirious;
				SDKROOT = macosx;
			};
			name = Release;
		};
		4B7EAF8BE9746D1171BD1EFC /* Debug */ = {
			isa = XCBuildConfiguration;
			baseConfigurationReference = 0AFDC88F1FE4D3CC5C16FBA1 /* Sirious.xcconfig */;
			buildSettings = {
				ASSETCATALOG_COMPILER_APPICON_NAME = AppIcon;
				CODE_SIGN_ENTITLEMENTS = Sources/Support/Sirious.entitlements;
				COMBINE_HIDPI_IMAGES = YES;
				CURRENT_PROJECT_VERSION = 1;
				INFOPLIST_FILE = Sources/Support/Info.plist;
				LD_RUNPATH_SEARCH_PATHS = (
					"$(inherited)",
					"@executable_path/../Frameworks",
				);
				MARKETING_VERSION = 0.0.1;
				PRODUCT_BUNDLE_IDENTIFIER = com.galewilliams.Sirious;
				SDKROOT = macosx;
			};
			name = Debug;
		};
		4C13EFB728CB7019FE3F45E7 /* Release */ = {
			isa = XCBuildConfiguration;
			baseConfigurationReference = 0AFDC88F1FE4D3CC5C16FBA1 /* Sirious.xcconfig */;
			buildSettings = {
				BUNDLE_LOADER = "$(TEST_HOST)";
				COMBINE_HIDPI_IMAGES = YES;
				GENERATE_INFOPLIST_FILE = YES;
				LD_RUNPATH_SEARCH_PATHS = (
					"$(inherited)",
					"@executable_path/../Frameworks",
					"@loader_path/../Frameworks",
				);
				SDKROOT = macosx;
				TEST_HOST = "$(BUILT_PRODUCTS_DIR)/Sirious.app/Contents/MacOS/Sirious";
			};
			name = Release;
		};
		52561ED234866D654C5CC6C7 /* Release */ = {
			isa = XCBuildConfiguration;
			buildSettings = {
				ALWAYS_SEARCH_USER_PATHS = NO;
				CLANG_ANALYZER_NONNULL = YES;
				CLANG_ANALYZER_NUMBER_OBJECT_CONVERSION = YES_AGGRESSIVE;
				CLANG_CXX_LANGUAGE_STANDARD = "gnu++14";
				CLANG_CXX_LIBRARY = "libc++";
				CLANG_ENABLE_MODULES = YES;
				CLANG_ENABLE_OBJC_ARC = YES;
				CLANG_ENABLE_OBJC_WEAK = YES;
				CLANG_WARN_BLOCK_CAPTURE_AUTORELEASING = YES;
				CLANG_WARN_BOOL_CONVERSION = YES;
				CLANG_WARN_COMMA = YES;
				CLANG_WARN_CONSTANT_CONVERSION = YES;
				CLANG_WARN_DEPRECATED_OBJC_IMPLEMENTATIONS = YES;
				CLANG_WARN_DIRECT_OBJC_ISA_USAGE = YES_ERROR;
				CLANG_WARN_DOCUMENTATION_COMMENTS = YES;
				CLANG_WARN_EMPTY_BODY = YES;
				CLANG_WARN_ENUM_CONVERSION = YES;
				CLANG_WARN_INFINITE_RECURSION = YES;
				CLANG_WARN_INT_CONVERSION = YES;
				CLANG_WARN_NON_LITERAL_NULL_CONVERSION = YES;
				CLANG_WARN_OBJC_IMPLICIT_RETAIN_SELF = YES;
				CLANG_WARN_OBJC_LITERAL_CONVERSION = YES;
				CLANG_WARN_OBJC_ROOT_CLASS = YES_ERROR;
				CLANG_WARN_QUOTED_INCLUDE_IN_FRAMEWORK_HEADER = YES;
				CLANG_WARN_RANGE_LOOP_ANALYSIS = YES;
				CLANG_WARN_STRICT_PROTOTYPES = YES;
				CLANG_WARN_SUSPICIOUS_MOVE = YES;
				CLANG_WARN_UNGUARDED_AVAILABILITY = YES_AGGRESSIVE;
				CLANG_WARN_UNREACHABLE_CODE = YES;
				CLANG_WARN__DUPLICATE_METHOD_MATCH = YES;
				CODE_SIGN_STYLE = Automatic;
				COPY_PHASE_STRIP = NO;
				DEBUG_INFORMATION_FORMAT = "dwarf-with-dsym";
				DEVELOPMENT_TEAM = BC73766F69;
				ENABLE_NS_ASSERTIONS = NO;
				ENABLE_STRICT_OBJC_MSGSEND = YES;
				GCC_C_LANGUAGE_STANDARD = gnu11;
				GCC_NO_COMMON_BLOCKS = YES;
				GCC_WARN_64_TO_32_BIT_CONVERSION = YES;
				GCC_WARN_ABOUT_RETURN_TYPE = YES_ERROR;
				GCC_WARN_UNDECLARED_SELECTOR = YES;
				GCC_WARN_UNINITIALIZED_AUTOS = YES_AGGRESSIVE;
				GCC_WARN_UNUSED_FUNCTION = YES;
				GCC_WARN_UNUSED_VARIABLE = YES;
				MACOSX_DEPLOYMENT_TARGET = 26.0;
				MTL_ENABLE_DEBUG_INFO = NO;
				MTL_FAST_MATH = YES;
				PRODUCT_NAME = "$(TARGET_NAME)";
				SDKROOT = macosx;
				SWIFT_COMPILATION_MODE = wholemodule;
				SWIFT_OPTIMIZATION_LEVEL = "-O";
				SWIFT_STRICT_CONCURRENCY = complete;
				SWIFT_VERSION = 6.0;
			};
			name = Release;
		};
		672C545F62335AB70C711CC5 /* Debug */ = {
			isa = XCBuildConfiguration;
			baseConfigurationReference = 0AFDC88F1FE4D3CC5C16FBA1 /* Sirious.xcconfig */;
			buildSettings = {
				BUNDLE_LOADER = "$(TEST_HOST)";
				COMBINE_HIDPI_IMAGES = YES;
				GENERATE_INFOPLIST_FILE = YES;
				LD_RUNPATH_SEARCH_PATHS = (
					"$(inherited)",
					"@executable_path/../Frameworks",
					"@loader_path/../Frameworks",
				);
				SDKROOT = macosx;
				TEST_HOST = "$(BUILT_PRODUCTS_DIR)/Sirious.app/Contents/MacOS/Sirious";
			};
			name = Debug;
		};
		71BD74647F306EA0BDBAF704 /* Debug */ = {
			isa = XCBuildConfiguration;
			buildSettings = {
				ALWAYS_SEARCH_USER_PATHS = NO;
				CLANG_ANALYZER_NONNULL = YES;
				CLANG_ANALYZER_NUMBER_OBJECT_CONVERSION = YES_AGGRESSIVE;
				CLANG_CXX_LANGUAGE_STANDARD = "gnu++14";
				CLANG_CXX_LIBRARY = "libc++";
				CLANG_ENABLE_MODULES = YES;
				CLANG_ENABLE_OBJC_ARC = YES;
				CLANG_ENABLE_OBJC_WEAK = YES;
				CLANG_WARN_BLOCK_CAPTURE_AUTORELEASING = YES;
				CLANG_WARN_BOOL_CONVERSION = YES;
				CLANG_WARN_COMMA = YES;
				CLANG_WARN_CONSTANT_CONVERSION = YES;
				CLANG_WARN_DEPRECATED_OBJC_IMPLEMENTATIONS = YES;
				CLANG_WARN_DIRECT_OBJC_ISA_USAGE = YES_ERROR;
				CLANG_WARN_DOCUMENTATION_COMMENTS = YES;
				CLANG_WARN_EMPTY_BODY = YES;
				CLANG_WARN_ENUM_CONVERSION = YES;
				CLANG_WARN_INFINITE_RECURSION = YES;
				CLANG_WARN_INT_CONVERSION = YES;
				CLANG_WARN_NON_LITERAL_NULL_CONVERSION = YES;
				CLANG_WARN_OBJC_IMPLICIT_RETAIN_SELF = YES;
				CLANG_WARN_OBJC_LITERAL_CONVERSION = YES;
				CLANG_WARN_OBJC_ROOT_CLASS = YES_ERROR;
				CLANG_WARN_QUOTED_INCLUDE_IN_FRAMEWORK_HEADER = YES;
				CLANG_WARN_RANGE_LOOP_ANALYSIS = YES;
				CLANG_WARN_STRICT_PROTOTYPES = YES;
				CLANG_WARN_SUSPICIOUS_MOVE = YES;
				CLANG_WARN_UNGUARDED_AVAILABILITY = YES_AGGRESSIVE;
				CLANG_WARN_UNREACHABLE_CODE = YES;
				CLANG_WARN__DUPLICATE_METHOD_MATCH = YES;
				CODE_SIGN_STYLE = Automatic;
				COPY_PHASE_STRIP = NO;
				DEBUG_INFORMATION_FORMAT = dwarf;
				DEVELOPMENT_TEAM = BC73766F69;
				ENABLE_STRICT_OBJC_MSGSEND = YES;
				ENABLE_TESTABILITY = YES;
				GCC_C_LANGUAGE_STANDARD = gnu11;
				GCC_DYNAMIC_NO_PIC = NO;
				GCC_NO_COMMON_BLOCKS = YES;
				GCC_OPTIMIZATION_LEVEL = 0;
				GCC_PREPROCESSOR_DEFINITIONS = (
					"$(inherited)",
					"DEBUG=1",
				);
				GCC_WARN_64_TO_32_BIT_CONVERSION = YES;
				GCC_WARN_ABOUT_RETURN_TYPE = YES_ERROR;
				GCC_WARN_UNDECLARED_SELECTOR = YES;
				GCC_WARN_UNINITIALIZED_AUTOS = YES_AGGRESSIVE;
				GCC_WARN_UNUSED_FUNCTION = YES;
				GCC_WARN_UNUSED_VARIABLE = YES;
				MACOSX_DEPLOYMENT_TARGET = 26.0;
				MTL_ENABLE_DEBUG_INFO = INCLUDE_SOURCE;
				MTL_FAST_MATH = YES;
				ONLY_ACTIVE_ARCH = YES;
				PRODUCT_NAME = "$(TARGET_NAME)";
				SDKROOT = macosx;
				SWIFT_ACTIVE_COMPILATION_CONDITIONS = DEBUG;
				SWIFT_OPTIMIZATION_LEVEL = "-Onone";
				SWIFT_STRICT_CONCURRENCY = complete;
				SWIFT_VERSION = 6.0;
			};
			name = Debug;
		};
		ED95DB018FA3307B52245DEA /* Release */ = {
			isa = XCBuildConfiguration;
			baseConfigurationReference = 0AFDC88F1FE4D3CC5C16FBA1 /* Sirious.xcconfig */;
			buildSettings = {
				BUNDLE_LOADER = "$(TEST_HOST)";
				COMBINE_HIDPI_IMAGES = YES;
				GENERATE_INFOPLIST_FILE = YES;
				LD_RUNPATH_SEARCH_PATHS = (
					"$(inherited)",
					"@executable_path/Frameworks",
					"@loader_path/Frameworks",
				);
				SDKROOT = macosx;
				TEST_TARGET_NAME = Sirious;
			};
			name = Release;
		};
		F3D6A11ED413DAF3CC14E8DD /* Debug */ = {
			isa = XCBuildConfiguration;
			baseConfigurationReference = 0AFDC88F1FE4D3CC5C16FBA1 /* Sirious.xcconfig */;
			buildSettings = {
				BUNDLE_LOADER = "$(TEST_HOST)";
				COMBINE_HIDPI_IMAGES = YES;
				GENERATE_INFOPLIST_FILE = YES;
				LD_RUNPATH_SEARCH_PATHS = (
					"$(inherited)",
					"@executable_path/Frameworks",
					"@loader_path/Frameworks",
				);
				SDKROOT = macosx;
				TEST_TARGET_NAME = Sirious;
			};
			name = Debug;
		};
/* End XCBuildConfiguration section */

/* Begin XCConfigurationList section */
		3EC7F1D0C6EBA05B40FDEE6B /* Build configuration list for PBXNativeTarget "SiriousUITests" */ = {
			isa = XCConfigurationList;
			buildConfigurations = (
				F3D6A11ED413DAF3CC14E8DD /* Debug */,
				ED95DB018FA3307B52245DEA /* Release */,
			);
			defaultConfigurationIsVisible = 0;
			defaultConfigurationName = Debug;
		};
		4B8ED482AC45B69555A6BABE /* Build configuration list for PBXNativeTarget "Sirious" */ = {
			isa = XCConfigurationList;
			buildConfigurations = (
				4B7EAF8BE9746D1171BD1EFC /* Debug */,
				38672C1BDE826267F438205E /* Release */,
			);
			defaultConfigurationIsVisible = 0;
			defaultConfigurationName = Debug;
		};
		7794D306B4D671E64A7E83BA /* Build configuration list for PBXNativeTarget "SiriousTests" */ = {
			isa = XCConfigurationList;
			buildConfigurations = (
				672C545F62335AB70C711CC5 /* Debug */,
				4C13EFB728CB7019FE3F45E7 /* Release */,
			);
			defaultConfigurationIsVisible = 0;
			defaultConfigurationName = Debug;
		};
		E2EC6FA405869CD972E8D14A /* Build configuration list for PBXProject "Sirious" */ = {
			isa = XCConfigurationList;
			buildConfigurations = (
				71BD74647F306EA0BDBAF704 /* Debug */,
				52561ED234866D654C5CC6C7 /* Release */,
			);
			defaultConfigurationIsVisible = 0;
			defaultConfigurationName = Debug;
		};
/* End XCConfigurationList section */
	};
	rootObject = D5BD09856B751B5B7C214BF3 /* Project object */;
}
